// !$*UTF8*$!
{
	archiveVersion = 1;
	classes = {
	};
	objectVersion = 50;
	objects = {

/* Begin PBXBuildFile section */
		1813686B235D081600A5FBC5 /* DetailRouterTests.swift in Sources */ = {isa = PBXBuildFile; fileRef = 1813686A235D081600A5FBC5 /* DetailRouterTests.swift */; };
		1813686D235D08C500A5FBC5 /* DetailInteractorTests.swift in Sources */ = {isa = PBXBuildFile; fileRef = 1813686C235D08C500A5FBC5 /* DetailInteractorTests.swift */; };
		1813686F235D0EA500A5FBC5 /* DetailPresenterTests.swift in Sources */ = {isa = PBXBuildFile; fileRef = 1813686E235D0EA500A5FBC5 /* DetailPresenterTests.swift */; };
		1822413B235CBE6A00C13541 /* DetailPresenter.swift in Sources */ = {isa = PBXBuildFile; fileRef = 18224131235CBE6A00C13541 /* DetailPresenter.swift */; };
		1822413C235CBE6A00C13541 /* Detail.storyboard in Resources */ = {isa = PBXBuildFile; fileRef = 18224133235CBE6A00C13541 /* Detail.storyboard */; };
		1822413D235CBE6A00C13541 /* DetailViewController.swift in Sources */ = {isa = PBXBuildFile; fileRef = 18224134235CBE6A00C13541 /* DetailViewController.swift */; };
		1822413E235CBE6A00C13541 /* DetailProtocols.swift in Sources */ = {isa = PBXBuildFile; fileRef = 18224136235CBE6A00C13541 /* DetailProtocols.swift */; };
		1822413F235CBE6A00C13541 /* DetailInteractor.swift in Sources */ = {isa = PBXBuildFile; fileRef = 18224138235CBE6A00C13541 /* DetailInteractor.swift */; };
		18224140235CBE6A00C13541 /* DetailRouter.swift in Sources */ = {isa = PBXBuildFile; fileRef = 1822413A235CBE6A00C13541 /* DetailRouter.swift */; };
		18224143235CD67200C13541 /* DetailInteractorComposer.swift in Sources */ = {isa = PBXBuildFile; fileRef = 18224142235CD67200C13541 /* DetailInteractorComposer.swift */; };
		1832625E235D015C00CBB9CC /* BitCoinDeskAPITests.swift in Sources */ = {isa = PBXBuildFile; fileRef = 1832624E235D015C00CBB9CC /* BitCoinDeskAPITests.swift */; };
		1832625F235D015C00CBB9CC /* TestingURLSessionClient.swift in Sources */ = {isa = PBXBuildFile; fileRef = 18326251235D015C00CBB9CC /* TestingURLSessionClient.swift */; };
		18326260235D015C00CBB9CC /* DefaultHistoricalResponseMapperTests.swift in Sources */ = {isa = PBXBuildFile; fileRef = 18326255235D015C00CBB9CC /* DefaultHistoricalResponseMapperTests.swift */; };
		18326261235D015C00CBB9CC /* DefaultHistoricalDataRepositoryTests.swift in Sources */ = {isa = PBXBuildFile; fileRef = 18326256235D015C00CBB9CC /* DefaultHistoricalDataRepositoryTests.swift */; };
		18326262235D015C00CBB9CC /* HistoricalProvider.swift in Sources */ = {isa = PBXBuildFile; fileRef = 18326257235D015C00CBB9CC /* HistoricalProvider.swift */; };
		18326263235D015C00CBB9CC /* DefaultTodayResponseMapperTests.swift in Sources */ = {isa = PBXBuildFile; fileRef = 1832625B235D015C00CBB9CC /* DefaultTodayResponseMapperTests.swift */; };
		18326264235D015C00CBB9CC /* DefaultTodayDataRepositoryTests.swift in Sources */ = {isa = PBXBuildFile; fileRef = 1832625C235D015C00CBB9CC /* DefaultTodayDataRepositoryTests.swift */; };
		18326265235D015C00CBB9CC /* TodayProviderTests.swift in Sources */ = {isa = PBXBuildFile; fileRef = 1832625D235D015C00CBB9CC /* TodayProviderTests.swift */; };
		18326285235D01B100CBB9CC /* HistoricalResponseModel.swift in Sources */ = {isa = PBXBuildFile; fileRef = 18326267235D01B100CBB9CC /* HistoricalResponseModel.swift */; };
		18326286235D01B100CBB9CC /* TodayResponseModel.swift in Sources */ = {isa = PBXBuildFile; fileRef = 18326268235D01B100CBB9CC /* TodayResponseModel.swift */; };
		18326287235D01B100CBB9CC /* DefaultHistoricalResponseMapper.swift in Sources */ = {isa = PBXBuildFile; fileRef = 1832626D235D01B100CBB9CC /* DefaultHistoricalResponseMapper.swift */; };
		18326288235D01B100CBB9CC /* HistoricalResponseMapperProtocol.swift in Sources */ = {isa = PBXBuildFile; fileRef = 1832626E235D01B100CBB9CC /* HistoricalResponseMapperProtocol.swift */; };
		18326289235D01B100CBB9CC /* DefaultHistoricalDataRepository.swift in Sources */ = {isa = PBXBuildFile; fileRef = 1832626F235D01B100CBB9CC /* DefaultHistoricalDataRepository.swift */; };
		1832628A235D01B100CBB9CC /* HistoricalDataRepository.swift in Sources */ = {isa = PBXBuildFile; fileRef = 18326270235D01B100CBB9CC /* HistoricalDataRepository.swift */; };
		1832628B235D01B100CBB9CC /* HistoricalDataProvider.swift in Sources */ = {isa = PBXBuildFile; fileRef = 18326271235D01B100CBB9CC /* HistoricalDataProvider.swift */; };
		1832628C235D01B100CBB9CC /* HistoricalProviderProtocol.swift in Sources */ = {isa = PBXBuildFile; fileRef = 18326272235D01B100CBB9CC /* HistoricalProviderProtocol.swift */; };
		1832628D235D01B100CBB9CC /* DefaultTodayDataRepository.swift in Sources */ = {isa = PBXBuildFile; fileRef = 18326275235D01B100CBB9CC /* DefaultTodayDataRepository.swift */; };
		1832628E235D01B100CBB9CC /* DefaultTodayResponseMapper.swift in Sources */ = {isa = PBXBuildFile; fileRef = 18326277235D01B100CBB9CC /* DefaultTodayResponseMapper.swift */; };
		1832628F235D01B100CBB9CC /* TodayResponseMapperProtocol.swift in Sources */ = {isa = PBXBuildFile; fileRef = 18326278235D01B100CBB9CC /* TodayResponseMapperProtocol.swift */; };
		18326290235D01B100CBB9CC /* TodayDataRepository.swift in Sources */ = {isa = PBXBuildFile; fileRef = 18326279235D01B100CBB9CC /* TodayDataRepository.swift */; };
		18326291235D01B100CBB9CC /* TodayProviderProtocol.swift in Sources */ = {isa = PBXBuildFile; fileRef = 1832627A235D01B100CBB9CC /* TodayProviderProtocol.swift */; };
		18326292235D01B100CBB9CC /* TodayDataProvider.swift in Sources */ = {isa = PBXBuildFile; fileRef = 1832627B235D01B100CBB9CC /* TodayDataProvider.swift */; };
		18326293235D01B100CBB9CC /* ValuationSorterProtocol.swift in Sources */ = {isa = PBXBuildFile; fileRef = 1832627D235D01B100CBB9CC /* ValuationSorterProtocol.swift */; };
		18326294235D01B100CBB9CC /* ValuationSorter.swift in Sources */ = {isa = PBXBuildFile; fileRef = 1832627E235D01B100CBB9CC /* ValuationSorter.swift */; };
		18326295235D01B100CBB9CC /* N26BCError.swift in Sources */ = {isa = PBXBuildFile; fileRef = 18326280235D01B100CBB9CC /* N26BCError.swift */; };
		18326296235D01B100CBB9CC /* Currency.swift in Sources */ = {isa = PBXBuildFile; fileRef = 18326281235D01B100CBB9CC /* Currency.swift */; };
		18326297235D01B100CBB9CC /* Valuation.swift in Sources */ = {isa = PBXBuildFile; fileRef = 18326282235D01B100CBB9CC /* Valuation.swift */; };
		18326298235D01B100CBB9CC /* BitCoinDeskAPI.swift in Sources */ = {isa = PBXBuildFile; fileRef = 18326284235D01B100CBB9CC /* BitCoinDeskAPI.swift */; };
		1841066223531A6A000AE46C /* AppDelegate.swift in Sources */ = {isa = PBXBuildFile; fileRef = 1841066123531A6A000AE46C /* AppDelegate.swift */; };
		1841066B23531A6C000AE46C /* Assets.xcassets in Resources */ = {isa = PBXBuildFile; fileRef = 1841066A23531A6C000AE46C /* Assets.xcassets */; };
		1841066E23531A6C000AE46C /* LaunchScreen.storyboard in Resources */ = {isa = PBXBuildFile; fileRef = 1841066C23531A6C000AE46C /* LaunchScreen.storyboard */; };
		1841068423531E95000AE46C /* main.swift in Sources */ = {isa = PBXBuildFile; fileRef = 1841068323531E95000AE46C /* main.swift */; };
		1841068623532075000AE46C /* TestingAppDelegate.swift in Sources */ = {isa = PBXBuildFile; fileRef = 1841068523532075000AE46C /* TestingAppDelegate.swift */; };
		184106AA23532D37000AE46C /* ListViewController.swift in Sources */ = {isa = PBXBuildFile; fileRef = 184106A923532D37000AE46C /* ListViewController.swift */; };
		18731E4A2356BC6E00BB577A /* Commons.framework in Frameworks */ = {isa = PBXBuildFile; fileRef = 18731E412356BC6E00BB577A /* Commons.framework */; };
		18731E532356BC6E00BB577A /* Commons.h in Headers */ = {isa = PBXBuildFile; fileRef = 18731E432356BC6E00BB577A /* Commons.h */; settings = {ATTRIBUTES = (Public, ); }; };
		18731E562356BC6E00BB577A /* Commons.framework in Frameworks */ = {isa = PBXBuildFile; fileRef = 18731E412356BC6E00BB577A /* Commons.framework */; };
		18731E572356BC6E00BB577A /* Commons.framework in Embed Frameworks */ = {isa = PBXBuildFile; fileRef = 18731E412356BC6E00BB577A /* Commons.framework */; settings = {ATTRIBUTES = (CodeSignOnCopy, RemoveHeadersOnCopy, ); }; };
		18731E602356BC9900BB577A /* StringToDate.swift in Sources */ = {isa = PBXBuildFile; fileRef = 18731E5F2356BC9900BB577A /* StringToDate.swift */; };
		18731E622356BCB700BB577A /* DateToString.swift in Sources */ = {isa = PBXBuildFile; fileRef = 18731E612356BCB700BB577A /* DateToString.swift */; };
		18731E652356BCF700BB577A /* StringToDateTests.swift in Sources */ = {isa = PBXBuildFile; fileRef = 18731E642356BCF700BB577A /* StringToDateTests.swift */; };
		18731E672356BD1500BB577A /* DateToStringTests.swift in Sources */ = {isa = PBXBuildFile; fileRef = 18731E662356BD1500BB577A /* DateToStringTests.swift */; };
		187321F0235CAA2E00F22EB7 /* Valuation.framework in Frameworks */ = {isa = PBXBuildFile; fileRef = 187321E7235CAA2E00F22EB7 /* Valuation.framework */; };
		187321F9235CAA2E00F22EB7 /* Valuation.h in Headers */ = {isa = PBXBuildFile; fileRef = 187321E9235CAA2E00F22EB7 /* Valuation.h */; settings = {ATTRIBUTES = (Public, ); }; };
		187321FC235CAA2E00F22EB7 /* Valuation.framework in Frameworks */ = {isa = PBXBuildFile; fileRef = 187321E7235CAA2E00F22EB7 /* Valuation.framework */; };
		187321FD235CAA2E00F22EB7 /* Valuation.framework in Embed Frameworks */ = {isa = PBXBuildFile; fileRef = 187321E7235CAA2E00F22EB7 /* Valuation.framework */; settings = {ATTRIBUTES = (CodeSignOnCopy, RemoveHeadersOnCopy, ); }; };
		187391CB235C661700FE9108 /* ListInteractorComposer.swift in Sources */ = {isa = PBXBuildFile; fileRef = 187391CA235C661700FE9108 /* ListInteractorComposer.swift */; };
		187391CE235C86EA00FE9108 /* Coverable.swift in Sources */ = {isa = PBXBuildFile; fileRef = 187391CD235C86EA00FE9108 /* Coverable.swift */; };
		187391D1235C93B900FE9108 /* ErrorPresenter.swift in Sources */ = {isa = PBXBuildFile; fileRef = 187391D0235C93B900FE9108 /* ErrorPresenter.swift */; };
		187391D5235C9AAA00FE9108 /* ListPresenterTests.swift in Sources */ = {isa = PBXBuildFile; fileRef = 187391D3235C9A8F00FE9108 /* ListPresenterTests.swift */; };
		1873DFFB2358287200A85C2A /* PricesViewModel.swift in Sources */ = {isa = PBXBuildFile; fileRef = 1873DFFA2358287200A85C2A /* PricesViewModel.swift */; };
		1873DFFD235828CB00A85C2A /* ListViewSection.swift in Sources */ = {isa = PBXBuildFile; fileRef = 1873DFFC235828CB00A85C2A /* ListViewSection.swift */; };
		1873DFFF235828DE00A85C2A /* ListSectionType.swift in Sources */ = {isa = PBXBuildFile; fileRef = 1873DFFE235828DE00A85C2A /* ListSectionType.swift */; };
		1873E001235828F100A85C2A /* TodayTableViewModel.swift in Sources */ = {isa = PBXBuildFile; fileRef = 1873E000235828F100A85C2A /* TodayTableViewModel.swift */; };
		1873E0032358293600A85C2A /* HistoricalTableViewModel.swift in Sources */ = {isa = PBXBuildFile; fileRef = 1873E0022358293600A85C2A /* HistoricalTableViewModel.swift */; };
		1873E00523582B2D00A85C2A /* ListInteractorTests.swift in Sources */ = {isa = PBXBuildFile; fileRef = 1873E00423582B2D00A85C2A /* ListInteractorTests.swift */; };
		18740AAA2354DF9C00A27C5D /* URLSessionTests.swift in Sources */ = {isa = PBXBuildFile; fileRef = 18740AA92354DF9C00A27C5D /* URLSessionTests.swift */; };
		18740AAC2354E5D800A27C5D /* URLSessioClientTests.swift in Sources */ = {isa = PBXBuildFile; fileRef = 18740AAB2354E5D800A27C5D /* URLSessioClientTests.swift */; };
		18740AAE2354E60600A27C5D /* URLSessionProtocol.swift in Sources */ = {isa = PBXBuildFile; fileRef = 18740AAD2354E60600A27C5D /* URLSessionProtocol.swift */; };
		1874EACB23532F5900052101 /* ListProtocols.swift in Sources */ = {isa = PBXBuildFile; fileRef = 1874EACA23532F5900052101 /* ListProtocols.swift */; };
		1874EACF235330D200052101 /* ListRouterTests.swift in Sources */ = {isa = PBXBuildFile; fileRef = 1874EACC235330B200052101 /* ListRouterTests.swift */; };
		1874EAD12353311700052101 /* ListRouter.swift in Sources */ = {isa = PBXBuildFile; fileRef = 1874EAD02353311700052101 /* ListRouter.swift */; };
		1874EAD32353345700052101 /* ListPresenter.swift in Sources */ = {isa = PBXBuildFile; fileRef = 1874EAD22353345700052101 /* ListPresenter.swift */; };
		1874EAD52353386E00052101 /* ListInteractor.swift in Sources */ = {isa = PBXBuildFile; fileRef = 1874EAD42353386E00052101 /* ListInteractor.swift */; };
		1874EAD72353444D00052101 /* List.storyboard in Resources */ = {isa = PBXBuildFile; fileRef = 1874EAD62353444D00052101 /* List.storyboard */; };
		1874EAD9235373EB00052101 /* ListViewControllerTests.swift in Sources */ = {isa = PBXBuildFile; fileRef = 1874EAD8235373EB00052101 /* ListViewControllerTests.swift */; };
		1874EADE23537A6100052101 /* StoryboardInstantiator.swift in Sources */ = {isa = PBXBuildFile; fileRef = 1874EADD23537A6100052101 /* StoryboardInstantiator.swift */; };
		1874EAED23538F9F00052101 /* Networking.framework in Frameworks */ = {isa = PBXBuildFile; fileRef = 1874EAE423538F9E00052101 /* Networking.framework */; };
		1874EAF623538F9F00052101 /* Networking.h in Headers */ = {isa = PBXBuildFile; fileRef = 1874EAE623538F9E00052101 /* Networking.h */; settings = {ATTRIBUTES = (Public, ); }; };
		1874EAF923538F9F00052101 /* Networking.framework in Frameworks */ = {isa = PBXBuildFile; fileRef = 1874EAE423538F9E00052101 /* Networking.framework */; };
		1874EAFA23538F9F00052101 /* Networking.framework in Embed Frameworks */ = {isa = PBXBuildFile; fileRef = 1874EAE423538F9E00052101 /* Networking.framework */; settings = {ATTRIBUTES = (CodeSignOnCopy, RemoveHeadersOnCopy, ); }; };
		1874EB03235390AE00052101 /* URLSession.swift in Sources */ = {isa = PBXBuildFile; fileRef = 1874EB02235390AE00052101 /* URLSession.swift */; };
		1874EB082353944E00052101 /* NetworkingError.swift in Sources */ = {isa = PBXBuildFile; fileRef = 1874EB072353944E00052101 /* NetworkingError.swift */; };
		1874EB0A2353947900052101 /* URLSessionClient.swift in Sources */ = {isa = PBXBuildFile; fileRef = 1874EB092353947900052101 /* URLSessionClient.swift */; };
		1874EB0D2353996F00052101 /* URLSessionClientProtocol.swift in Sources */ = {isa = PBXBuildFile; fileRef = 1874EB0C2353996F00052101 /* URLSessionClientProtocol.swift */; };
		187E998A2357896900B57FCC /* TimerProtocol.swift in Sources */ = {isa = PBXBuildFile; fileRef = 187E99892357896900B57FCC /* TimerProtocol.swift */; };
		187E998C23578FD400B57FCC /* DefaultTimer.swift in Sources */ = {isa = PBXBuildFile; fileRef = 187E998B23578FD400B57FCC /* DefaultTimer.swift */; };
		187E998F235790A700B57FCC /* DefaultTimerTests.swift in Sources */ = {isa = PBXBuildFile; fileRef = 187E998E235790A700B57FCC /* DefaultTimerTests.swift */; };
		18FB7DD1235B730800E2DA2E /* Result+Error.swift in Sources */ = {isa = PBXBuildFile; fileRef = 18FB7DD0235B730800E2DA2E /* Result+Error.swift */; };
		18FB7DD3235B733F00E2DA2E /* ResultGetErrorTests.swift in Sources */ = {isa = PBXBuildFile; fileRef = 18FB7DD2235B733F00E2DA2E /* ResultGetErrorTests.swift */; };
/* End PBXBuildFile section */

/* Begin PBXContainerItemProxy section */
		1841067523531A6C000AE46C /* PBXContainerItemProxy */ = {
			isa = PBXContainerItemProxy;
			containerPortal = 1841065623531A6A000AE46C /* Project object */;
			proxyType = 1;
			remoteGlobalIDString = 1841065D23531A6A000AE46C;
			remoteInfo = N26BC;
		};
		18731E4B2356BC6E00BB577A /* PBXContainerItemProxy */ = {
			isa = PBXContainerItemProxy;
			containerPortal = 1841065623531A6A000AE46C /* Project object */;
			proxyType = 1;
			remoteGlobalIDString = 18731E402356BC6E00BB577A;
			remoteInfo = Commons;
		};
		18731E4D2356BC6E00BB577A /* PBXContainerItemProxy */ = {
			isa = PBXContainerItemProxy;
			containerPortal = 1841065623531A6A000AE46C /* Project object */;
			proxyType = 1;
			remoteGlobalIDString = 1841065D23531A6A000AE46C;
			remoteInfo = N26BC;
		};
		18731E542356BC6E00BB577A /* PBXContainerItemProxy */ = {
			isa = PBXContainerItemProxy;
			containerPortal = 1841065623531A6A000AE46C /* Project object */;
			proxyType = 1;
			remoteGlobalIDString = 18731E402356BC6E00BB577A;
			remoteInfo = Commons;
		};
		187321F1235CAA2E00F22EB7 /* PBXContainerItemProxy */ = {
			isa = PBXContainerItemProxy;
			containerPortal = 1841065623531A6A000AE46C /* Project object */;
			proxyType = 1;
			remoteGlobalIDString = 187321E6235CAA2E00F22EB7;
			remoteInfo = Valuation;
		};
		187321F3235CAA2E00F22EB7 /* PBXContainerItemProxy */ = {
			isa = PBXContainerItemProxy;
			containerPortal = 1841065623531A6A000AE46C /* Project object */;
			proxyType = 1;
			remoteGlobalIDString = 1841065D23531A6A000AE46C;
			remoteInfo = N26BC;
		};
		187321FA235CAA2E00F22EB7 /* PBXContainerItemProxy */ = {
			isa = PBXContainerItemProxy;
			containerPortal = 1841065623531A6A000AE46C /* Project object */;
			proxyType = 1;
			remoteGlobalIDString = 187321E6235CAA2E00F22EB7;
			remoteInfo = Valuation;
		};
		1874EAEE23538F9F00052101 /* PBXContainerItemProxy */ = {
			isa = PBXContainerItemProxy;
			containerPortal = 1841065623531A6A000AE46C /* Project object */;
			proxyType = 1;
			remoteGlobalIDString = 1874EAE323538F9E00052101;
			remoteInfo = Networking;
		};
		1874EAF023538F9F00052101 /* PBXContainerItemProxy */ = {
			isa = PBXContainerItemProxy;
			containerPortal = 1841065623531A6A000AE46C /* Project object */;
			proxyType = 1;
			remoteGlobalIDString = 1841065D23531A6A000AE46C;
			remoteInfo = N26BC;
		};
		1874EAF723538F9F00052101 /* PBXContainerItemProxy */ = {
			isa = PBXContainerItemProxy;
			containerPortal = 1841065623531A6A000AE46C /* Project object */;
			proxyType = 1;
			remoteGlobalIDString = 1874EAE323538F9E00052101;
			remoteInfo = Networking;
		};
/* End PBXContainerItemProxy section */

/* Begin PBXCopyFilesBuildPhase section */
		1874EAFE23538F9F00052101 /* Embed Frameworks */ = {
			isa = PBXCopyFilesBuildPhase;
			buildActionMask = 2147483647;
			dstPath = "";
			dstSubfolderSpec = 10;
			files = (
				187321FD235CAA2E00F22EB7 /* Valuation.framework in Embed Frameworks */,
				1874EAFA23538F9F00052101 /* Networking.framework in Embed Frameworks */,
				18731E572356BC6E00BB577A /* Commons.framework in Embed Frameworks */,
			);
			name = "Embed Frameworks";
			runOnlyForDeploymentPostprocessing = 0;
		};
/* End PBXCopyFilesBuildPhase section */

/* Begin PBXFileReference section */
		1813686A235D081600A5FBC5 /* DetailRouterTests.swift */ = {isa = PBXFileReference; lastKnownFileType = sourcecode.swift; path = DetailRouterTests.swift; sourceTree = "<group>"; };
		1813686C235D08C500A5FBC5 /* DetailInteractorTests.swift */ = {isa = PBXFileReference; lastKnownFileType = sourcecode.swift; path = DetailInteractorTests.swift; sourceTree = "<group>"; };
		1813686E235D0EA500A5FBC5 /* DetailPresenterTests.swift */ = {isa = PBXFileReference; lastKnownFileType = sourcecode.swift; path = DetailPresenterTests.swift; sourceTree = "<group>"; };
		18224131235CBE6A00C13541 /* DetailPresenter.swift */ = {isa = PBXFileReference; fileEncoding = 4; lastKnownFileType = sourcecode.swift; path = DetailPresenter.swift; sourceTree = "<group>"; };
		18224133235CBE6A00C13541 /* Detail.storyboard */ = {isa = PBXFileReference; fileEncoding = 4; lastKnownFileType = file.storyboard; path = Detail.storyboard; sourceTree = "<group>"; };
		18224134235CBE6A00C13541 /* DetailViewController.swift */ = {isa = PBXFileReference; fileEncoding = 4; lastKnownFileType = sourcecode.swift; path = DetailViewController.swift; sourceTree = "<group>"; };
		18224136235CBE6A00C13541 /* DetailProtocols.swift */ = {isa = PBXFileReference; fileEncoding = 4; lastKnownFileType = sourcecode.swift; path = DetailProtocols.swift; sourceTree = "<group>"; };
		18224138235CBE6A00C13541 /* DetailInteractor.swift */ = {isa = PBXFileReference; fileEncoding = 4; lastKnownFileType = sourcecode.swift; path = DetailInteractor.swift; sourceTree = "<group>"; };
		1822413A235CBE6A00C13541 /* DetailRouter.swift */ = {isa = PBXFileReference; fileEncoding = 4; lastKnownFileType = sourcecode.swift; path = DetailRouter.swift; sourceTree = "<group>"; };
		18224142235CD67200C13541 /* DetailInteractorComposer.swift */ = {isa = PBXFileReference; lastKnownFileType = sourcecode.swift; path = DetailInteractorComposer.swift; sourceTree = "<group>"; };
		1832624E235D015C00CBB9CC /* BitCoinDeskAPITests.swift */ = {isa = PBXFileReference; fileEncoding = 4; lastKnownFileType = sourcecode.swift; path = BitCoinDeskAPITests.swift; sourceTree = "<group>"; };
		18326251235D015C00CBB9CC /* TestingURLSessionClient.swift */ = {isa = PBXFileReference; fileEncoding = 4; lastKnownFileType = sourcecode.swift; path = TestingURLSessionClient.swift; sourceTree = "<group>"; };
		18326255235D015C00CBB9CC /* DefaultHistoricalResponseMapperTests.swift */ = {isa = PBXFileReference; fileEncoding = 4; lastKnownFileType = sourcecode.swift; path = DefaultHistoricalResponseMapperTests.swift; sourceTree = "<group>"; };
		18326256235D015C00CBB9CC /* DefaultHistoricalDataRepositoryTests.swift */ = {isa = PBXFileReference; fileEncoding = 4; lastKnownFileType = sourcecode.swift; path = DefaultHistoricalDataRepositoryTests.swift; sourceTree = "<group>"; };
		18326257235D015C00CBB9CC /* HistoricalProvider.swift */ = {isa = PBXFileReference; fileEncoding = 4; lastKnownFileType = sourcecode.swift; path = HistoricalProvider.swift; sourceTree = "<group>"; };
		1832625B235D015C00CBB9CC /* DefaultTodayResponseMapperTests.swift */ = {isa = PBXFileReference; fileEncoding = 4; lastKnownFileType = sourcecode.swift; path = DefaultTodayResponseMapperTests.swift; sourceTree = "<group>"; };
		1832625C235D015C00CBB9CC /* DefaultTodayDataRepositoryTests.swift */ = {isa = PBXFileReference; fileEncoding = 4; lastKnownFileType = sourcecode.swift; path = DefaultTodayDataRepositoryTests.swift; sourceTree = "<group>"; };
		1832625D235D015C00CBB9CC /* TodayProviderTests.swift */ = {isa = PBXFileReference; fileEncoding = 4; lastKnownFileType = sourcecode.swift; path = TodayProviderTests.swift; sourceTree = "<group>"; };
		18326267235D01B100CBB9CC /* HistoricalResponseModel.swift */ = {isa = PBXFileReference; fileEncoding = 4; lastKnownFileType = sourcecode.swift; path = HistoricalResponseModel.swift; sourceTree = "<group>"; };
		18326268235D01B100CBB9CC /* TodayResponseModel.swift */ = {isa = PBXFileReference; fileEncoding = 4; lastKnownFileType = sourcecode.swift; path = TodayResponseModel.swift; sourceTree = "<group>"; };
		1832626D235D01B100CBB9CC /* DefaultHistoricalResponseMapper.swift */ = {isa = PBXFileReference; fileEncoding = 4; lastKnownFileType = sourcecode.swift; path = DefaultHistoricalResponseMapper.swift; sourceTree = "<group>"; };
		1832626E235D01B100CBB9CC /* HistoricalResponseMapperProtocol.swift */ = {isa = PBXFileReference; fileEncoding = 4; lastKnownFileType = sourcecode.swift; path = HistoricalResponseMapperProtocol.swift; sourceTree = "<group>"; };
		1832626F235D01B100CBB9CC /* DefaultHistoricalDataRepository.swift */ = {isa = PBXFileReference; fileEncoding = 4; lastKnownFileType = sourcecode.swift; path = DefaultHistoricalDataRepository.swift; sourceTree = "<group>"; };
		18326270235D01B100CBB9CC /* HistoricalDataRepository.swift */ = {isa = PBXFileReference; fileEncoding = 4; lastKnownFileType = sourcecode.swift; path = HistoricalDataRepository.swift; sourceTree = "<group>"; };
		18326271235D01B100CBB9CC /* HistoricalDataProvider.swift */ = {isa = PBXFileReference; fileEncoding = 4; lastKnownFileType = sourcecode.swift; path = HistoricalDataProvider.swift; sourceTree = "<group>"; };
		18326272235D01B100CBB9CC /* HistoricalProviderProtocol.swift */ = {isa = PBXFileReference; fileEncoding = 4; lastKnownFileType = sourcecode.swift; path = HistoricalProviderProtocol.swift; sourceTree = "<group>"; };
		18326275235D01B100CBB9CC /* DefaultTodayDataRepository.swift */ = {isa = PBXFileReference; fileEncoding = 4; lastKnownFileType = sourcecode.swift; path = DefaultTodayDataRepository.swift; sourceTree = "<group>"; };
		18326277235D01B100CBB9CC /* DefaultTodayResponseMapper.swift */ = {isa = PBXFileReference; fileEncoding = 4; lastKnownFileType = sourcecode.swift; path = DefaultTodayResponseMapper.swift; sourceTree = "<group>"; };
		18326278235D01B100CBB9CC /* TodayResponseMapperProtocol.swift */ = {isa = PBXFileReference; fileEncoding = 4; lastKnownFileType = sourcecode.swift; path = TodayResponseMapperProtocol.swift; sourceTree = "<group>"; };
		18326279235D01B100CBB9CC /* TodayDataRepository.swift */ = {isa = PBXFileReference; fileEncoding = 4; lastKnownFileType = sourcecode.swift; path = TodayDataRepository.swift; sourceTree = "<group>"; };
		1832627A235D01B100CBB9CC /* TodayProviderProtocol.swift */ = {isa = PBXFileReference; fileEncoding = 4; lastKnownFileType = sourcecode.swift; path = TodayProviderProtocol.swift; sourceTree = "<group>"; };
		1832627B235D01B100CBB9CC /* TodayDataProvider.swift */ = {isa = PBXFileReference; fileEncoding = 4; lastKnownFileType = sourcecode.swift; path = TodayDataProvider.swift; sourceTree = "<group>"; };
		1832627D235D01B100CBB9CC /* ValuationSorterProtocol.swift */ = {isa = PBXFileReference; fileEncoding = 4; lastKnownFileType = sourcecode.swift; path = ValuationSorterProtocol.swift; sourceTree = "<group>"; };
		1832627E235D01B100CBB9CC /* ValuationSorter.swift */ = {isa = PBXFileReference; fileEncoding = 4; lastKnownFileType = sourcecode.swift; path = ValuationSorter.swift; sourceTree = "<group>"; };
		18326280235D01B100CBB9CC /* N26BCError.swift */ = {isa = PBXFileReference; fileEncoding = 4; lastKnownFileType = sourcecode.swift; path = N26BCError.swift; sourceTree = "<group>"; };
		18326281235D01B100CBB9CC /* Currency.swift */ = {isa = PBXFileReference; fileEncoding = 4; lastKnownFileType = sourcecode.swift; path = Currency.swift; sourceTree = "<group>"; };
		18326282235D01B100CBB9CC /* Valuation.swift */ = {isa = PBXFileReference; fileEncoding = 4; lastKnownFileType = sourcecode.swift; path = Valuation.swift; sourceTree = "<group>"; };
		18326284235D01B100CBB9CC /* BitCoinDeskAPI.swift */ = {isa = PBXFileReference; fileEncoding = 4; lastKnownFileType = sourcecode.swift; path = BitCoinDeskAPI.swift; sourceTree = "<group>"; };
		1841065E23531A6A000AE46C /* N26BC.app */ = {isa = PBXFileReference; explicitFileType = wrapper.application; includeInIndex = 0; path = N26BC.app; sourceTree = BUILT_PRODUCTS_DIR; };
		1841066123531A6A000AE46C /* AppDelegate.swift */ = {isa = PBXFileReference; lastKnownFileType = sourcecode.swift; path = AppDelegate.swift; sourceTree = "<group>"; };
		1841066A23531A6C000AE46C /* Assets.xcassets */ = {isa = PBXFileReference; lastKnownFileType = folder.assetcatalog; path = Assets.xcassets; sourceTree = "<group>"; };
		1841066D23531A6C000AE46C /* Base */ = {isa = PBXFileReference; lastKnownFileType = file.storyboard; name = Base; path = Base.lproj/LaunchScreen.storyboard; sourceTree = "<group>"; };
		1841066F23531A6C000AE46C /* Info.plist */ = {isa = PBXFileReference; lastKnownFileType = text.plist.xml; path = Info.plist; sourceTree = "<group>"; };
		1841067423531A6C000AE46C /* N26BCTests.xctest */ = {isa = PBXFileReference; explicitFileType = wrapper.cfbundle; includeInIndex = 0; path = N26BCTests.xctest; sourceTree = BUILT_PRODUCTS_DIR; };
		1841067A23531A6C000AE46C /* Info.plist */ = {isa = PBXFileReference; lastKnownFileType = text.plist.xml; path = Info.plist; sourceTree = "<group>"; };
		1841068323531E95000AE46C /* main.swift */ = {isa = PBXFileReference; lastKnownFileType = sourcecode.swift; path = main.swift; sourceTree = "<group>"; };
		1841068523532075000AE46C /* TestingAppDelegate.swift */ = {isa = PBXFileReference; lastKnownFileType = sourcecode.swift; path = TestingAppDelegate.swift; sourceTree = "<group>"; };
		184106A923532D37000AE46C /* ListViewController.swift */ = {isa = PBXFileReference; fileEncoding = 4; lastKnownFileType = sourcecode.swift; path = ListViewController.swift; sourceTree = "<group>"; };
		18731E412356BC6E00BB577A /* Commons.framework */ = {isa = PBXFileReference; explicitFileType = wrapper.framework; includeInIndex = 0; path = Commons.framework; sourceTree = BUILT_PRODUCTS_DIR; };
		18731E432356BC6E00BB577A /* Commons.h */ = {isa = PBXFileReference; lastKnownFileType = sourcecode.c.h; path = Commons.h; sourceTree = "<group>"; };
		18731E442356BC6E00BB577A /* Info.plist */ = {isa = PBXFileReference; lastKnownFileType = text.plist.xml; path = Info.plist; sourceTree = "<group>"; };
		18731E492356BC6E00BB577A /* CommonsTests.xctest */ = {isa = PBXFileReference; explicitFileType = wrapper.cfbundle; includeInIndex = 0; path = CommonsTests.xctest; sourceTree = BUILT_PRODUCTS_DIR; };
		18731E522356BC6E00BB577A /* Info.plist */ = {isa = PBXFileReference; lastKnownFileType = text.plist.xml; path = Info.plist; sourceTree = "<group>"; };
		18731E5F2356BC9900BB577A /* StringToDate.swift */ = {isa = PBXFileReference; lastKnownFileType = sourcecode.swift; path = StringToDate.swift; sourceTree = "<group>"; };
		18731E612356BCB700BB577A /* DateToString.swift */ = {isa = PBXFileReference; lastKnownFileType = sourcecode.swift; path = DateToString.swift; sourceTree = "<group>"; };
		18731E642356BCF700BB577A /* StringToDateTests.swift */ = {isa = PBXFileReference; lastKnownFileType = sourcecode.swift; path = StringToDateTests.swift; sourceTree = "<group>"; };
		18731E662356BD1500BB577A /* DateToStringTests.swift */ = {isa = PBXFileReference; lastKnownFileType = sourcecode.swift; path = DateToStringTests.swift; sourceTree = "<group>"; };
		187321E7235CAA2E00F22EB7 /* Valuation.framework */ = {isa = PBXFileReference; explicitFileType = wrapper.framework; includeInIndex = 0; path = Valuation.framework; sourceTree = BUILT_PRODUCTS_DIR; };
		187321E9235CAA2E00F22EB7 /* Valuation.h */ = {isa = PBXFileReference; lastKnownFileType = sourcecode.c.h; path = Valuation.h; sourceTree = "<group>"; };
		187321EA235CAA2E00F22EB7 /* Info.plist */ = {isa = PBXFileReference; lastKnownFileType = text.plist.xml; path = Info.plist; sourceTree = "<group>"; };
		187321EF235CAA2E00F22EB7 /* ValuationTests.xctest */ = {isa = PBXFileReference; explicitFileType = wrapper.cfbundle; includeInIndex = 0; path = ValuationTests.xctest; sourceTree = BUILT_PRODUCTS_DIR; };
		187321F8235CAA2E00F22EB7 /* Info.plist */ = {isa = PBXFileReference; lastKnownFileType = text.plist.xml; path = Info.plist; sourceTree = "<group>"; };
		187391CA235C661700FE9108 /* ListInteractorComposer.swift */ = {isa = PBXFileReference; lastKnownFileType = sourcecode.swift; path = ListInteractorComposer.swift; sourceTree = "<group>"; };
		187391CD235C86EA00FE9108 /* Coverable.swift */ = {isa = PBXFileReference; lastKnownFileType = sourcecode.swift; path = Coverable.swift; sourceTree = "<group>"; };
		187391D0235C93B900FE9108 /* ErrorPresenter.swift */ = {isa = PBXFileReference; lastKnownFileType = sourcecode.swift; path = ErrorPresenter.swift; sourceTree = "<group>"; };
		187391D3235C9A8F00FE9108 /* ListPresenterTests.swift */ = {isa = PBXFileReference; lastKnownFileType = sourcecode.swift; path = ListPresenterTests.swift; sourceTree = "<group>"; };
		1873DFFA2358287200A85C2A /* PricesViewModel.swift */ = {isa = PBXFileReference; lastKnownFileType = sourcecode.swift; path = PricesViewModel.swift; sourceTree = "<group>"; };
		1873DFFC235828CB00A85C2A /* ListViewSection.swift */ = {isa = PBXFileReference; lastKnownFileType = sourcecode.swift; path = ListViewSection.swift; sourceTree = "<group>"; };
		1873DFFE235828DE00A85C2A /* ListSectionType.swift */ = {isa = PBXFileReference; lastKnownFileType = sourcecode.swift; path = ListSectionType.swift; sourceTree = "<group>"; };
		1873E000235828F100A85C2A /* TodayTableViewModel.swift */ = {isa = PBXFileReference; lastKnownFileType = sourcecode.swift; path = TodayTableViewModel.swift; sourceTree = "<group>"; };
		1873E0022358293600A85C2A /* HistoricalTableViewModel.swift */ = {isa = PBXFileReference; lastKnownFileType = sourcecode.swift; path = HistoricalTableViewModel.swift; sourceTree = "<group>"; };
		1873E00423582B2D00A85C2A /* ListInteractorTests.swift */ = {isa = PBXFileReference; lastKnownFileType = sourcecode.swift; path = ListInteractorTests.swift; sourceTree = "<group>"; };
		18740AA92354DF9C00A27C5D /* URLSessionTests.swift */ = {isa = PBXFileReference; lastKnownFileType = sourcecode.swift; path = URLSessionTests.swift; sourceTree = "<group>"; };
		18740AAB2354E5D800A27C5D /* URLSessioClientTests.swift */ = {isa = PBXFileReference; lastKnownFileType = sourcecode.swift; path = URLSessioClientTests.swift; sourceTree = "<group>"; };
		18740AAD2354E60600A27C5D /* URLSessionProtocol.swift */ = {isa = PBXFileReference; lastKnownFileType = sourcecode.swift; path = URLSessionProtocol.swift; sourceTree = "<group>"; };
		1874EACA23532F5900052101 /* ListProtocols.swift */ = {isa = PBXFileReference; fileEncoding = 4; lastKnownFileType = sourcecode.swift; path = ListProtocols.swift; sourceTree = "<group>"; };
		1874EACC235330B200052101 /* ListRouterTests.swift */ = {isa = PBXFileReference; fileEncoding = 4; lastKnownFileType = sourcecode.swift; path = ListRouterTests.swift; sourceTree = "<group>"; };
		1874EAD02353311700052101 /* ListRouter.swift */ = {isa = PBXFileReference; fileEncoding = 4; lastKnownFileType = sourcecode.swift; path = ListRouter.swift; sourceTree = "<group>"; };
		1874EAD22353345700052101 /* ListPresenter.swift */ = {isa = PBXFileReference; lastKnownFileType = sourcecode.swift; path = ListPresenter.swift; sourceTree = "<group>"; };
		1874EAD42353386E00052101 /* ListInteractor.swift */ = {isa = PBXFileReference; lastKnownFileType = sourcecode.swift; path = ListInteractor.swift; sourceTree = "<group>"; };
		1874EAD62353444D00052101 /* List.storyboard */ = {isa = PBXFileReference; lastKnownFileType = file.storyboard; path = List.storyboard; sourceTree = "<group>"; };
		1874EAD8235373EB00052101 /* ListViewControllerTests.swift */ = {isa = PBXFileReference; lastKnownFileType = sourcecode.swift; path = ListViewControllerTests.swift; sourceTree = "<group>"; };
		1874EADD23537A6100052101 /* StoryboardInstantiator.swift */ = {isa = PBXFileReference; lastKnownFileType = sourcecode.swift; path = StoryboardInstantiator.swift; sourceTree = "<group>"; };
		1874EAE423538F9E00052101 /* Networking.framework */ = {isa = PBXFileReference; explicitFileType = wrapper.framework; includeInIndex = 0; path = Networking.framework; sourceTree = BUILT_PRODUCTS_DIR; };
		1874EAE623538F9E00052101 /* Networking.h */ = {isa = PBXFileReference; lastKnownFileType = sourcecode.c.h; path = Networking.h; sourceTree = "<group>"; };
		1874EAE723538F9E00052101 /* Info.plist */ = {isa = PBXFileReference; lastKnownFileType = text.plist.xml; path = Info.plist; sourceTree = "<group>"; };
		1874EAEC23538F9F00052101 /* NetworkingTests.xctest */ = {isa = PBXFileReference; explicitFileType = wrapper.cfbundle; includeInIndex = 0; path = NetworkingTests.xctest; sourceTree = BUILT_PRODUCTS_DIR; };
		1874EAF523538F9F00052101 /* Info.plist */ = {isa = PBXFileReference; lastKnownFileType = text.plist.xml; path = Info.plist; sourceTree = "<group>"; };
		1874EB02235390AE00052101 /* URLSession.swift */ = {isa = PBXFileReference; lastKnownFileType = sourcecode.swift; path = URLSession.swift; sourceTree = "<group>"; };
		1874EB072353944E00052101 /* NetworkingError.swift */ = {isa = PBXFileReference; lastKnownFileType = sourcecode.swift; path = NetworkingError.swift; sourceTree = "<group>"; };
		1874EB092353947900052101 /* URLSessionClient.swift */ = {isa = PBXFileReference; lastKnownFileType = sourcecode.swift; path = URLSessionClient.swift; sourceTree = "<group>"; };
		1874EB0C2353996F00052101 /* URLSessionClientProtocol.swift */ = {isa = PBXFileReference; lastKnownFileType = sourcecode.swift; path = URLSessionClientProtocol.swift; sourceTree = "<group>"; };
		187E99892357896900B57FCC /* TimerProtocol.swift */ = {isa = PBXFileReference; lastKnownFileType = sourcecode.swift; path = TimerProtocol.swift; sourceTree = "<group>"; };
		187E998B23578FD400B57FCC /* DefaultTimer.swift */ = {isa = PBXFileReference; lastKnownFileType = sourcecode.swift; path = DefaultTimer.swift; sourceTree = "<group>"; };
		187E998E235790A700B57FCC /* DefaultTimerTests.swift */ = {isa = PBXFileReference; lastKnownFileType = sourcecode.swift; path = DefaultTimerTests.swift; sourceTree = "<group>"; };
		18FB7DD0235B730800E2DA2E /* Result+Error.swift */ = {isa = PBXFileReference; lastKnownFileType = sourcecode.swift; path = "Result+Error.swift"; sourceTree = "<group>"; };
		18FB7DD2235B733F00E2DA2E /* ResultGetErrorTests.swift */ = {isa = PBXFileReference; lastKnownFileType = sourcecode.swift; path = ResultGetErrorTests.swift; sourceTree = "<group>"; };
/* End PBXFileReference section */

/* Begin PBXFrameworksBuildPhase section */
		1841065B23531A6A000AE46C /* Frameworks */ = {
			isa = PBXFrameworksBuildPhase;
			buildActionMask = 2147483647;
			files = (
				187321FC235CAA2E00F22EB7 /* Valuation.framework in Frameworks */,
				1874EAF923538F9F00052101 /* Networking.framework in Frameworks */,
				18731E562356BC6E00BB577A /* Commons.framework in Frameworks */,
			);
			runOnlyForDeploymentPostprocessing = 0;
		};
		1841067123531A6C000AE46C /* Frameworks */ = {
			isa = PBXFrameworksBuildPhase;
			buildActionMask = 2147483647;
			files = (
			);
			runOnlyForDeploymentPostprocessing = 0;
		};
		18731E3E2356BC6E00BB577A /* Frameworks */ = {
			isa = PBXFrameworksBuildPhase;
			buildActionMask = 2147483647;
			files = (
			);
			runOnlyForDeploymentPostprocessing = 0;
		};
		18731E462356BC6E00BB577A /* Frameworks */ = {
			isa = PBXFrameworksBuildPhase;
			buildActionMask = 2147483647;
			files = (
				18731E4A2356BC6E00BB577A /* Commons.framework in Frameworks */,
			);
			runOnlyForDeploymentPostprocessing = 0;
		};
		187321E4235CAA2E00F22EB7 /* Frameworks */ = {
			isa = PBXFrameworksBuildPhase;
			buildActionMask = 2147483647;
			files = (
			);
			runOnlyForDeploymentPostprocessing = 0;
		};
		187321EC235CAA2E00F22EB7 /* Frameworks */ = {
			isa = PBXFrameworksBuildPhase;
			buildActionMask = 2147483647;
			files = (
				187321F0235CAA2E00F22EB7 /* Valuation.framework in Frameworks */,
			);
			runOnlyForDeploymentPostprocessing = 0;
		};
		1874EAE123538F9E00052101 /* Frameworks */ = {
			isa = PBXFrameworksBuildPhase;
			buildActionMask = 2147483647;
			files = (
			);
			runOnlyForDeploymentPostprocessing = 0;
		};
		1874EAE923538F9F00052101 /* Frameworks */ = {
			isa = PBXFrameworksBuildPhase;
			buildActionMask = 2147483647;
			files = (
				1874EAED23538F9F00052101 /* Networking.framework in Frameworks */,
			);
			runOnlyForDeploymentPostprocessing = 0;
		};
/* End PBXFrameworksBuildPhase section */

/* Begin PBXGroup section */
		18136869235D07FC00A5FBC5 /* DetailTests */ = {
			isa = PBXGroup;
			children = (
				1813686A235D081600A5FBC5 /* DetailRouterTests.swift */,
				1813686C235D08C500A5FBC5 /* DetailInteractorTests.swift */,
				1813686E235D0EA500A5FBC5 /* DetailPresenterTests.swift */,
			);
			path = DetailTests;
			sourceTree = "<group>";
		};
		1822412F235CBE6A00C13541 /* Detail */ = {
			isa = PBXGroup;
			children = (
				18224135235CBE6A00C13541 /* Protocols */,
				18224139235CBE6A00C13541 /* Router */,
				18224137235CBE6A00C13541 /* Interactor */,
				18224130235CBE6A00C13541 /* Presenter */,
				18224132235CBE6A00C13541 /* View */,
			);
			path = Detail;
			sourceTree = "<group>";
		};
		18224130235CBE6A00C13541 /* Presenter */ = {
			isa = PBXGroup;
			children = (
				18224131235CBE6A00C13541 /* DetailPresenter.swift */,
			);
			path = Presenter;
			sourceTree = "<group>";
		};
		18224132235CBE6A00C13541 /* View */ = {
			isa = PBXGroup;
			children = (
				18224133235CBE6A00C13541 /* Detail.storyboard */,
				18224134235CBE6A00C13541 /* DetailViewController.swift */,
			);
			path = View;
			sourceTree = "<group>";
		};
		18224135235CBE6A00C13541 /* Protocols */ = {
			isa = PBXGroup;
			children = (
				18224136235CBE6A00C13541 /* DetailProtocols.swift */,
			);
			path = Protocols;
			sourceTree = "<group>";
		};
		18224137235CBE6A00C13541 /* Interactor */ = {
			isa = PBXGroup;
			children = (
				18224138235CBE6A00C13541 /* DetailInteractor.swift */,
			);
			path = Interactor;
			sourceTree = "<group>";
		};
		18224139235CBE6A00C13541 /* Router */ = {
			isa = PBXGroup;
			children = (
				1822413A235CBE6A00C13541 /* DetailRouter.swift */,
				18224141235CD65500C13541 /* Composers */,
			);
			path = Router;
			sourceTree = "<group>";
		};
		18224141235CD65500C13541 /* Composers */ = {
			isa = PBXGroup;
			children = (
				18224142235CD67200C13541 /* DetailInteractorComposer.swift */,
			);
			path = Composers;
			sourceTree = "<group>";
		};
		1832624D235D015C00CBB9CC /* API */ = {
			isa = PBXGroup;
			children = (
				1832624E235D015C00CBB9CC /* BitCoinDeskAPITests.swift */,
			);
			path = API;
			sourceTree = "<group>";
		};
		1832624F235D015C00CBB9CC /* UseCases */ = {
			isa = PBXGroup;
			children = (
				18326250235D015C00CBB9CC /* Mocks */,
				18326252235D015C00CBB9CC /* HistoricalProvider */,
				18326258235D015C00CBB9CC /* TodayProvider */,
			);
			path = UseCases;
			sourceTree = "<group>";
		};
		18326250235D015C00CBB9CC /* Mocks */ = {
			isa = PBXGroup;
			children = (
				18326251235D015C00CBB9CC /* TestingURLSessionClient.swift */,
			);
			path = Mocks;
			sourceTree = "<group>";
		};
		18326252235D015C00CBB9CC /* HistoricalProvider */ = {
			isa = PBXGroup;
			children = (
				18326253235D015C00CBB9CC /* Repository */,
				18326257235D015C00CBB9CC /* HistoricalProvider.swift */,
			);
			path = HistoricalProvider;
			sourceTree = "<group>";
		};
		18326253235D015C00CBB9CC /* Repository */ = {
			isa = PBXGroup;
			children = (
				18326254235D015C00CBB9CC /* Mapper */,
				18326256235D015C00CBB9CC /* DefaultHistoricalDataRepositoryTests.swift */,
			);
			path = Repository;
			sourceTree = "<group>";
		};
		18326254235D015C00CBB9CC /* Mapper */ = {
			isa = PBXGroup;
			children = (
				18326255235D015C00CBB9CC /* DefaultHistoricalResponseMapperTests.swift */,
			);
			path = Mapper;
			sourceTree = "<group>";
		};
		18326258235D015C00CBB9CC /* TodayProvider */ = {
			isa = PBXGroup;
			children = (
				18326259235D015C00CBB9CC /* Repository */,
				1832625D235D015C00CBB9CC /* TodayProviderTests.swift */,
			);
			path = TodayProvider;
			sourceTree = "<group>";
		};
		18326259235D015C00CBB9CC /* Repository */ = {
			isa = PBXGroup;
			children = (
				1832625A235D015C00CBB9CC /* Mapper */,
				1832625C235D015C00CBB9CC /* DefaultTodayDataRepositoryTests.swift */,
			);
			path = Repository;
			sourceTree = "<group>";
		};
		1832625A235D015C00CBB9CC /* Mapper */ = {
			isa = PBXGroup;
			children = (
				1832625B235D015C00CBB9CC /* DefaultTodayResponseMapperTests.swift */,
			);
			path = Mapper;
			sourceTree = "<group>";
		};
		18326266235D01B100CBB9CC /* Reponse Model */ = {
			isa = PBXGroup;
			children = (
				18326267235D01B100CBB9CC /* HistoricalResponseModel.swift */,
				18326268235D01B100CBB9CC /* TodayResponseModel.swift */,
			);
			path = "Reponse Model";
			sourceTree = "<group>";
		};
		18326269235D01B100CBB9CC /* Use Cases */ = {
			isa = PBXGroup;
			children = (
				1832626A235D01B100CBB9CC /* HistoricalProvider */,
				18326273235D01B100CBB9CC /* TodayProvider */,
				1832627C235D01B100CBB9CC /* ValuationSorter */,
			);
			path = "Use Cases";
			sourceTree = "<group>";
		};
		1832626A235D01B100CBB9CC /* HistoricalProvider */ = {
			isa = PBXGroup;
			children = (
				1832626B235D01B100CBB9CC /* Repository */,
				18326271235D01B100CBB9CC /* HistoricalDataProvider.swift */,
				18326272235D01B100CBB9CC /* HistoricalProviderProtocol.swift */,
			);
			path = HistoricalProvider;
			sourceTree = "<group>";
		};
		1832626B235D01B100CBB9CC /* Repository */ = {
			isa = PBXGroup;
			children = (
				1832626C235D01B100CBB9CC /* Mapper */,
				1832626F235D01B100CBB9CC /* DefaultHistoricalDataRepository.swift */,
				18326270235D01B100CBB9CC /* HistoricalDataRepository.swift */,
			);
			path = Repository;
			sourceTree = "<group>";
		};
		1832626C235D01B100CBB9CC /* Mapper */ = {
			isa = PBXGroup;
			children = (
				1832626D235D01B100CBB9CC /* DefaultHistoricalResponseMapper.swift */,
				1832626E235D01B100CBB9CC /* HistoricalResponseMapperProtocol.swift */,
			);
			path = Mapper;
			sourceTree = "<group>";
		};
		18326273235D01B100CBB9CC /* TodayProvider */ = {
			isa = PBXGroup;
			children = (
				18326274235D01B100CBB9CC /* Repository */,
				1832627A235D01B100CBB9CC /* TodayProviderProtocol.swift */,
				1832627B235D01B100CBB9CC /* TodayDataProvider.swift */,
			);
			path = TodayProvider;
			sourceTree = "<group>";
		};
		18326274235D01B100CBB9CC /* Repository */ = {
			isa = PBXGroup;
			children = (
				18326275235D01B100CBB9CC /* DefaultTodayDataRepository.swift */,
				18326276235D01B100CBB9CC /* Mapper */,
				18326279235D01B100CBB9CC /* TodayDataRepository.swift */,
			);
			path = Repository;
			sourceTree = "<group>";
		};
		18326276235D01B100CBB9CC /* Mapper */ = {
			isa = PBXGroup;
			children = (
				18326277235D01B100CBB9CC /* DefaultTodayResponseMapper.swift */,
				18326278235D01B100CBB9CC /* TodayResponseMapperProtocol.swift */,
			);
			path = Mapper;
			sourceTree = "<group>";
		};
		1832627C235D01B100CBB9CC /* ValuationSorter */ = {
			isa = PBXGroup;
			children = (
				1832627D235D01B100CBB9CC /* ValuationSorterProtocol.swift */,
				1832627E235D01B100CBB9CC /* ValuationSorter.swift */,
			);
			path = ValuationSorter;
			sourceTree = "<group>";
		};
		1832627F235D01B100CBB9CC /* Entities */ = {
			isa = PBXGroup;
			children = (
				18326280235D01B100CBB9CC /* N26BCError.swift */,
				18326281235D01B100CBB9CC /* Currency.swift */,
				18326282235D01B100CBB9CC /* Valuation.swift */,
			);
			path = Entities;
			sourceTree = "<group>";
		};
		18326283235D01B100CBB9CC /* API */ = {
			isa = PBXGroup;
			children = (
				18326284235D01B100CBB9CC /* BitCoinDeskAPI.swift */,
			);
			path = API;
			sourceTree = "<group>";
		};
		1841065523531A6A000AE46C = {
			isa = PBXGroup;
			children = (
				1841066023531A6A000AE46C /* N26BC */,
				1841067723531A6C000AE46C /* N26BCTests */,
				1874EAE523538F9E00052101 /* Networking */,
				1874EAF223538F9F00052101 /* NetworkingTests */,
				18731E422356BC6E00BB577A /* Commons */,
				18731E4F2356BC6E00BB577A /* CommonsTests */,
				187321E8235CAA2E00F22EB7 /* Valuation */,
				187321F5235CAA2E00F22EB7 /* ValuationTests */,
				1841065F23531A6A000AE46C /* Products */,
				9B3BDFAF2973DD7FDC305AE1 /* Pods */,
			);
			sourceTree = "<group>";
		};
		1841065F23531A6A000AE46C /* Products */ = {
			isa = PBXGroup;
			children = (
				1841065E23531A6A000AE46C /* N26BC.app */,
				1841067423531A6C000AE46C /* N26BCTests.xctest */,
				1874EAE423538F9E00052101 /* Networking.framework */,
				1874EAEC23538F9F00052101 /* NetworkingTests.xctest */,
				18731E412356BC6E00BB577A /* Commons.framework */,
				18731E492356BC6E00BB577A /* CommonsTests.xctest */,
				187321E7235CAA2E00F22EB7 /* Valuation.framework */,
				187321EF235CAA2E00F22EB7 /* ValuationTests.xctest */,
			);
			name = Products;
			sourceTree = "<group>";
		};
		1841066023531A6A000AE46C /* N26BC */ = {
			isa = PBXGroup;
			children = (
				1874EADA235378BA00052101 /* Utils */,
				1841068323531E95000AE46C /* main.swift */,
				1841066123531A6A000AE46C /* AppDelegate.swift */,
				1873DFF92358284D00A85C2A /* View Model */,
				187391CC235C86D200FE9108 /* Protocols */,
				1841068723532484000AE46C /* List */,
				1822412F235CBE6A00C13541 /* Detail */,
				1841066A23531A6C000AE46C /* Assets.xcassets */,
				1841066C23531A6C000AE46C /* LaunchScreen.storyboard */,
				1841066F23531A6C000AE46C /* Info.plist */,
			);
			path = N26BC;
			sourceTree = "<group>";
		};
		1841067723531A6C000AE46C /* N26BCTests */ = {
			isa = PBXGroup;
			children = (
				1841068523532075000AE46C /* TestingAppDelegate.swift */,
				18136869235D07FC00A5FBC5 /* DetailTests */,
				1841069523532637000AE46C /* ListTests */,
				1841067A23531A6C000AE46C /* Info.plist */,
			);
			path = N26BCTests;
			sourceTree = "<group>";
		};
		1841068723532484000AE46C /* List */ = {
			isa = PBXGroup;
			children = (
				1841068E235324FD000AE46C /* Protocols */,
				1841068D235324F2000AE46C /* Router */,
				1841068C235324E9000AE46C /* Interactor */,
				1841068B235324E3000AE46C /* Presenter */,
				184106882353248F000AE46C /* View */,
			);
			path = List;
			sourceTree = "<group>";
		};
		184106882353248F000AE46C /* View */ = {
			isa = PBXGroup;
			children = (
				184106A923532D37000AE46C /* ListViewController.swift */,
				1874EAD62353444D00052101 /* List.storyboard */,
			);
			path = View;
			sourceTree = "<group>";
		};
		1841068B235324E3000AE46C /* Presenter */ = {
			isa = PBXGroup;
			children = (
				1874EAD22353345700052101 /* ListPresenter.swift */,
			);
			path = Presenter;
			sourceTree = "<group>";
		};
		1841068C235324E9000AE46C /* Interactor */ = {
			isa = PBXGroup;
			children = (
				1874EAD42353386E00052101 /* ListInteractor.swift */,
			);
			path = Interactor;
			sourceTree = "<group>";
		};
		1841068D235324F2000AE46C /* Router */ = {
			isa = PBXGroup;
			children = (
				1874EAD02353311700052101 /* ListRouter.swift */,
				187391C9235C660500FE9108 /* Composers */,
			);
			path = Router;
			sourceTree = "<group>";
		};
		1841068E235324FD000AE46C /* Protocols */ = {
			isa = PBXGroup;
			children = (
				1874EACA23532F5900052101 /* ListProtocols.swift */,
			);
			path = Protocols;
			sourceTree = "<group>";
		};
		1841069523532637000AE46C /* ListTests */ = {
			isa = PBXGroup;
			children = (
				1874EACC235330B200052101 /* ListRouterTests.swift */,
				1874EAD8235373EB00052101 /* ListViewControllerTests.swift */,
				1873E00423582B2D00A85C2A /* ListInteractorTests.swift */,
				187391D3235C9A8F00FE9108 /* ListPresenterTests.swift */,
			);
			path = ListTests;
			sourceTree = "<group>";
		};
		18731E422356BC6E00BB577A /* Commons */ = {
			isa = PBXGroup;
			children = (
				187E99882357883F00B57FCC /* Timer */,
				18731E5E2356BC8000BB577A /* Extensions */,
				18731E432356BC6E00BB577A /* Commons.h */,
				18731E442356BC6E00BB577A /* Info.plist */,
			);
			path = Commons;
			sourceTree = "<group>";
		};
		18731E4F2356BC6E00BB577A /* CommonsTests */ = {
			isa = PBXGroup;
			children = (
				187E998D2357908F00B57FCC /* Timer */,
				18731E632356BCCA00BB577A /* Extensions */,
				18731E522356BC6E00BB577A /* Info.plist */,
			);
			path = CommonsTests;
			sourceTree = "<group>";
		};
		18731E5E2356BC8000BB577A /* Extensions */ = {
			isa = PBXGroup;
			children = (
				18731E5F2356BC9900BB577A /* StringToDate.swift */,
				18731E612356BCB700BB577A /* DateToString.swift */,
				18FB7DD0235B730800E2DA2E /* Result+Error.swift */,
			);
			path = Extensions;
			sourceTree = "<group>";
		};
		18731E632356BCCA00BB577A /* Extensions */ = {
			isa = PBXGroup;
			children = (
				18731E642356BCF700BB577A /* StringToDateTests.swift */,
				18731E662356BD1500BB577A /* DateToStringTests.swift */,
				18FB7DD2235B733F00E2DA2E /* ResultGetErrorTests.swift */,
			);
			path = Extensions;
			sourceTree = "<group>";
		};
		187321E8235CAA2E00F22EB7 /* Valuation */ = {
			isa = PBXGroup;
			children = (
				18326283235D01B100CBB9CC /* API */,
				1832627F235D01B100CBB9CC /* Entities */,
				18326266235D01B100CBB9CC /* Reponse Model */,
				18326269235D01B100CBB9CC /* Use Cases */,
				187321E9235CAA2E00F22EB7 /* Valuation.h */,
				187321EA235CAA2E00F22EB7 /* Info.plist */,
			);
			path = Valuation;
			sourceTree = "<group>";
		};
		187321F5235CAA2E00F22EB7 /* ValuationTests */ = {
			isa = PBXGroup;
			children = (
				1832624D235D015C00CBB9CC /* API */,
				1832624F235D015C00CBB9CC /* UseCases */,
				187321F8235CAA2E00F22EB7 /* Info.plist */,
			);
			path = ValuationTests;
			sourceTree = "<group>";
		};
		187391C9235C660500FE9108 /* Composers */ = {
			isa = PBXGroup;
			children = (
				187391CA235C661700FE9108 /* ListInteractorComposer.swift */,
			);
			path = Composers;
			sourceTree = "<group>";
		};
		187391CC235C86D200FE9108 /* Protocols */ = {
			isa = PBXGroup;
			children = (
				187391CD235C86EA00FE9108 /* Coverable.swift */,
				187391D0235C93B900FE9108 /* ErrorPresenter.swift */,
			);
			path = Protocols;
			sourceTree = "<group>";
		};
		1873DFF92358284D00A85C2A /* View Model */ = {
			isa = PBXGroup;
			children = (
				1873DFFA2358287200A85C2A /* PricesViewModel.swift */,
				1873DFFC235828CB00A85C2A /* ListViewSection.swift */,
				1873DFFE235828DE00A85C2A /* ListSectionType.swift */,
				1873E0022358293600A85C2A /* HistoricalTableViewModel.swift */,
				1873E000235828F100A85C2A /* TodayTableViewModel.swift */,
			);
			path = "View Model";
			sourceTree = "<group>";
		};
		18740AA82354DF8000A27C5D /* Networking */ = {
			isa = PBXGroup;
			children = (
				18740AA92354DF9C00A27C5D /* URLSessionTests.swift */,
				18740AAB2354E5D800A27C5D /* URLSessioClientTests.swift */,
			);
			path = Networking;
			sourceTree = "<group>";
		};
		18740AAF2354E7A800A27C5D /* URLSession */ = {
			isa = PBXGroup;
			children = (
				18740AAD2354E60600A27C5D /* URLSessionProtocol.swift */,
				1874EB02235390AE00052101 /* URLSession.swift */,
			);
			path = URLSession;
			sourceTree = "<group>";
		};
		18740AB02354E7BB00A27C5D /* URLSessionClient */ = {
			isa = PBXGroup;
			children = (
				1874EB0C2353996F00052101 /* URLSessionClientProtocol.swift */,
				1874EB092353947900052101 /* URLSessionClient.swift */,
			);
			path = URLSessionClient;
			sourceTree = "<group>";
		};
		18740AB12354E7CB00A27C5D /* Networking Error */ = {
			isa = PBXGroup;
			children = (
				1874EB072353944E00052101 /* NetworkingError.swift */,
			);
			path = "Networking Error";
			sourceTree = "<group>";
		};
		1874EADA235378BA00052101 /* Utils */ = {
			isa = PBXGroup;
			children = (
				1874EADD23537A6100052101 /* StoryboardInstantiator.swift */,
			);
			path = Utils;
			sourceTree = "<group>";
		};
		1874EAE523538F9E00052101 /* Networking */ = {
			isa = PBXGroup;
			children = (
				1874EB0B235397A500052101 /* Networking */,
				1874EAE623538F9E00052101 /* Networking.h */,
				1874EAE723538F9E00052101 /* Info.plist */,
			);
			path = Networking;
			sourceTree = "<group>";
		};
		1874EAF223538F9F00052101 /* NetworkingTests */ = {
			isa = PBXGroup;
			children = (
				18740AA82354DF8000A27C5D /* Networking */,
				1874EAF523538F9F00052101 /* Info.plist */,
			);
			path = NetworkingTests;
			sourceTree = "<group>";
		};
		1874EB0B235397A500052101 /* Networking */ = {
			isa = PBXGroup;
			children = (
				18740AAF2354E7A800A27C5D /* URLSession */,
				18740AB02354E7BB00A27C5D /* URLSessionClient */,
				18740AB12354E7CB00A27C5D /* Networking Error */,
			);
			path = Networking;
			sourceTree = "<group>";
		};
		187E99882357883F00B57FCC /* Timer */ = {
			isa = PBXGroup;
			children = (
				187E99892357896900B57FCC /* TimerProtocol.swift */,
				187E998B23578FD400B57FCC /* DefaultTimer.swift */,
			);
			path = Timer;
			sourceTree = "<group>";
		};
		187E998D2357908F00B57FCC /* Timer */ = {
			isa = PBXGroup;
			children = (
				187E998E235790A700B57FCC /* DefaultTimerTests.swift */,
			);
			path = Timer;
			sourceTree = "<group>";
		};
		9B3BDFAF2973DD7FDC305AE1 /* Pods */ = {
			isa = PBXGroup;
			children = (
			);
			path = Pods;
			sourceTree = "<group>";
		};
/* End PBXGroup section */

/* Begin PBXHeadersBuildPhase section */
		18731E3C2356BC6E00BB577A /* Headers */ = {
			isa = PBXHeadersBuildPhase;
			buildActionMask = 2147483647;
			files = (
				18731E532356BC6E00BB577A /* Commons.h in Headers */,
			);
			runOnlyForDeploymentPostprocessing = 0;
		};
		187321E2235CAA2E00F22EB7 /* Headers */ = {
			isa = PBXHeadersBuildPhase;
			buildActionMask = 2147483647;
			files = (
				187321F9235CAA2E00F22EB7 /* Valuation.h in Headers */,
			);
			runOnlyForDeploymentPostprocessing = 0;
		};
		1874EADF23538F9E00052101 /* Headers */ = {
			isa = PBXHeadersBuildPhase;
			buildActionMask = 2147483647;
			files = (
				1874EAF623538F9F00052101 /* Networking.h in Headers */,
			);
			runOnlyForDeploymentPostprocessing = 0;
		};
/* End PBXHeadersBuildPhase section */

/* Begin PBXNativeTarget section */
		1841065D23531A6A000AE46C /* N26BC */ = {
			isa = PBXNativeTarget;
			buildConfigurationList = 1841067D23531A6C000AE46C /* Build configuration list for PBXNativeTarget "N26BC" */;
			buildPhases = (
				1841065A23531A6A000AE46C /* Sources */,
				1841065B23531A6A000AE46C /* Frameworks */,
				1841065C23531A6A000AE46C /* Resources */,
				1874EAFE23538F9F00052101 /* Embed Frameworks */,
			);
			buildRules = (
			);
			dependencies = (
				1874EAF823538F9F00052101 /* PBXTargetDependency */,
				18731E552356BC6E00BB577A /* PBXTargetDependency */,
				187321FB235CAA2E00F22EB7 /* PBXTargetDependency */,
			);
			name = N26BC;
			productName = N26BC;
			productReference = 1841065E23531A6A000AE46C /* N26BC.app */;
			productType = "com.apple.product-type.application";
		};
		1841067323531A6C000AE46C /* N26BCTests */ = {
			isa = PBXNativeTarget;
			buildConfigurationList = 1841068023531A6C000AE46C /* Build configuration list for PBXNativeTarget "N26BCTests" */;
			buildPhases = (
				1841067023531A6C000AE46C /* Sources */,
				1841067123531A6C000AE46C /* Frameworks */,
				1841067223531A6C000AE46C /* Resources */,
			);
			buildRules = (
			);
			dependencies = (
				1841067623531A6C000AE46C /* PBXTargetDependency */,
			);
			name = N26BCTests;
			productName = N26BCTests;
			productReference = 1841067423531A6C000AE46C /* N26BCTests.xctest */;
			productType = "com.apple.product-type.bundle.unit-test";
		};
		18731E402356BC6E00BB577A /* Commons */ = {
			isa = PBXNativeTarget;
			buildConfigurationList = 18731E5C2356BC6E00BB577A /* Build configuration list for PBXNativeTarget "Commons" */;
			buildPhases = (
				18731E3C2356BC6E00BB577A /* Headers */,
				18731E3D2356BC6E00BB577A /* Sources */,
				18731E3E2356BC6E00BB577A /* Frameworks */,
				18731E3F2356BC6E00BB577A /* Resources */,
			);
			buildRules = (
			);
			dependencies = (
			);
			name = Commons;
			productName = Commons;
			productReference = 18731E412356BC6E00BB577A /* Commons.framework */;
			productType = "com.apple.product-type.framework";
		};
		18731E482356BC6E00BB577A /* CommonsTests */ = {
			isa = PBXNativeTarget;
			buildConfigurationList = 18731E5D2356BC6E00BB577A /* Build configuration list for PBXNativeTarget "CommonsTests" */;
			buildPhases = (
				18731E452356BC6E00BB577A /* Sources */,
				18731E462356BC6E00BB577A /* Frameworks */,
				18731E472356BC6E00BB577A /* Resources */,
			);
			buildRules = (
			);
			dependencies = (
				18731E4C2356BC6E00BB577A /* PBXTargetDependency */,
				18731E4E2356BC6E00BB577A /* PBXTargetDependency */,
			);
			name = CommonsTests;
			productName = CommonsTests;
			productReference = 18731E492356BC6E00BB577A /* CommonsTests.xctest */;
			productType = "com.apple.product-type.bundle.unit-test";
		};
		187321E6235CAA2E00F22EB7 /* Valuation */ = {
			isa = PBXNativeTarget;
			buildConfigurationList = 18732202235CAA2E00F22EB7 /* Build configuration list for PBXNativeTarget "Valuation" */;
			buildPhases = (
				187321E2235CAA2E00F22EB7 /* Headers */,
				187321E3235CAA2E00F22EB7 /* Sources */,
				187321E4235CAA2E00F22EB7 /* Frameworks */,
				187321E5235CAA2E00F22EB7 /* Resources */,
			);
			buildRules = (
			);
			dependencies = (
			);
			name = Valuation;
			productName = Valuation;
			productReference = 187321E7235CAA2E00F22EB7 /* Valuation.framework */;
			productType = "com.apple.product-type.framework";
		};
		187321EE235CAA2E00F22EB7 /* ValuationTests */ = {
			isa = PBXNativeTarget;
			buildConfigurationList = 18732203235CAA2E00F22EB7 /* Build configuration list for PBXNativeTarget "ValuationTests" */;
			buildPhases = (
				187321EB235CAA2E00F22EB7 /* Sources */,
				187321EC235CAA2E00F22EB7 /* Frameworks */,
				187321ED235CAA2E00F22EB7 /* Resources */,
			);
			buildRules = (
			);
			dependencies = (
				187321F2235CAA2E00F22EB7 /* PBXTargetDependency */,
				187321F4235CAA2E00F22EB7 /* PBXTargetDependency */,
			);
			name = ValuationTests;
			productName = ValuationTests;
			productReference = 187321EF235CAA2E00F22EB7 /* ValuationTests.xctest */;
			productType = "com.apple.product-type.bundle.unit-test";
		};
		1874EAE323538F9E00052101 /* Networking */ = {
			isa = PBXNativeTarget;
			buildConfigurationList = 1874EAFB23538F9F00052101 /* Build configuration list for PBXNativeTarget "Networking" */;
			buildPhases = (
				1874EADF23538F9E00052101 /* Headers */,
				1874EAE023538F9E00052101 /* Sources */,
				1874EAE123538F9E00052101 /* Frameworks */,
				1874EAE223538F9E00052101 /* Resources */,
			);
			buildRules = (
			);
			dependencies = (
			);
			name = Networking;
			productName = Networking;
			productReference = 1874EAE423538F9E00052101 /* Networking.framework */;
			productType = "com.apple.product-type.framework";
		};
		1874EAEB23538F9F00052101 /* NetworkingTests */ = {
			isa = PBXNativeTarget;
			buildConfigurationList = 1874EAFF23538F9F00052101 /* Build configuration list for PBXNativeTarget "NetworkingTests" */;
			buildPhases = (
				1874EAE823538F9F00052101 /* Sources */,
				1874EAE923538F9F00052101 /* Frameworks */,
				1874EAEA23538F9F00052101 /* Resources */,
			);
			buildRules = (
			);
			dependencies = (
				1874EAEF23538F9F00052101 /* PBXTargetDependency */,
				1874EAF123538F9F00052101 /* PBXTargetDependency */,
			);
			name = NetworkingTests;
			productName = NetworkingTests;
			productReference = 1874EAEC23538F9F00052101 /* NetworkingTests.xctest */;
			productType = "com.apple.product-type.bundle.unit-test";
		};
/* End PBXNativeTarget section */

/* Begin PBXProject section */
		1841065623531A6A000AE46C /* Project object */ = {
			isa = PBXProject;
			attributes = {
				LastSwiftUpdateCheck = 1110;
				LastUpgradeCheck = 1110;
				ORGANIZATIONNAME = "Aaron Huánuco";
				TargetAttributes = {
					1841065D23531A6A000AE46C = {
						CreatedOnToolsVersion = 11.1;
					};
					1841067323531A6C000AE46C = {
						CreatedOnToolsVersion = 11.1;
						TestTargetID = 1841065D23531A6A000AE46C;
					};
					18731E402356BC6E00BB577A = {
						CreatedOnToolsVersion = 11.1;
						LastSwiftMigration = 1110;
					};
					18731E482356BC6E00BB577A = {
						CreatedOnToolsVersion = 11.1;
						TestTargetID = 1841065D23531A6A000AE46C;
					};
					187321E6235CAA2E00F22EB7 = {
						CreatedOnToolsVersion = 11.1;
					};
					187321EE235CAA2E00F22EB7 = {
						CreatedOnToolsVersion = 11.1;
						TestTargetID = 1841065D23531A6A000AE46C;
					};
					1874EAE323538F9E00052101 = {
						CreatedOnToolsVersion = 11.1;
						LastSwiftMigration = 1110;
					};
					1874EAEB23538F9F00052101 = {
						CreatedOnToolsVersion = 11.1;
						TestTargetID = 1841065D23531A6A000AE46C;
					};
				};
			};
			buildConfigurationList = 1841065923531A6A000AE46C /* Build configuration list for PBXProject "N26BC" */;
			compatibilityVersion = "Xcode 9.3";
			developmentRegion = en;
			hasScannedForEncodings = 0;
			knownRegions = (
				en,
				Base,
			);
			mainGroup = 1841065523531A6A000AE46C;
			productRefGroup = 1841065F23531A6A000AE46C /* Products */;
			projectDirPath = "";
			projectRoot = "";
			targets = (
				1841065D23531A6A000AE46C /* N26BC */,
				1841067323531A6C000AE46C /* N26BCTests */,
				1874EAE323538F9E00052101 /* Networking */,
				1874EAEB23538F9F00052101 /* NetworkingTests */,
				18731E402356BC6E00BB577A /* Commons */,
				18731E482356BC6E00BB577A /* CommonsTests */,
				187321E6235CAA2E00F22EB7 /* Valuation */,
				187321EE235CAA2E00F22EB7 /* ValuationTests */,
			);
		};
/* End PBXProject section */

/* Begin PBXResourcesBuildPhase section */
		1841065C23531A6A000AE46C /* Resources */ = {
			isa = PBXResourcesBuildPhase;
			buildActionMask = 2147483647;
			files = (
				1841066E23531A6C000AE46C /* LaunchScreen.storyboard in Resources */,
				1874EAD72353444D00052101 /* List.storyboard in Resources */,
				1841066B23531A6C000AE46C /* Assets.xcassets in Resources */,
				1822413C235CBE6A00C13541 /* Detail.storyboard in Resources */,
			);
			runOnlyForDeploymentPostprocessing = 0;
		};
		1841067223531A6C000AE46C /* Resources */ = {
			isa = PBXResourcesBuildPhase;
			buildActionMask = 2147483647;
			files = (
			);
			runOnlyForDeploymentPostprocessing = 0;
		};
		18731E3F2356BC6E00BB577A /* Resources */ = {
			isa = PBXResourcesBuildPhase;
			buildActionMask = 2147483647;
			files = (
			);
			runOnlyForDeploymentPostprocessing = 0;
		};
		18731E472356BC6E00BB577A /* Resources */ = {
			isa = PBXResourcesBuildPhase;
			buildActionMask = 2147483647;
			files = (
			);
			runOnlyForDeploymentPostprocessing = 0;
		};
		187321E5235CAA2E00F22EB7 /* Resources */ = {
			isa = PBXResourcesBuildPhase;
			buildActionMask = 2147483647;
			files = (
			);
			runOnlyForDeploymentPostprocessing = 0;
		};
		187321ED235CAA2E00F22EB7 /* Resources */ = {
			isa = PBXResourcesBuildPhase;
			buildActionMask = 2147483647;
			files = (
			);
			runOnlyForDeploymentPostprocessing = 0;
		};
		1874EAE223538F9E00052101 /* Resources */ = {
			isa = PBXResourcesBuildPhase;
			buildActionMask = 2147483647;
			files = (
			);
			runOnlyForDeploymentPostprocessing = 0;
		};
		1874EAEA23538F9F00052101 /* Resources */ = {
			isa = PBXResourcesBuildPhase;
			buildActionMask = 2147483647;
			files = (
			);
			runOnlyForDeploymentPostprocessing = 0;
		};
/* End PBXResourcesBuildPhase section */

/* Begin PBXSourcesBuildPhase section */
		1841065A23531A6A000AE46C /* Sources */ = {
			isa = PBXSourcesBuildPhase;
			buildActionMask = 2147483647;
			files = (
				1874EADE23537A6100052101 /* StoryboardInstantiator.swift in Sources */,
				1841068423531E95000AE46C /* main.swift in Sources */,
				18224140235CBE6A00C13541 /* DetailRouter.swift in Sources */,
				1822413B235CBE6A00C13541 /* DetailPresenter.swift in Sources */,
				1841066223531A6A000AE46C /* AppDelegate.swift in Sources */,
				1873DFFD235828CB00A85C2A /* ListViewSection.swift in Sources */,
				184106AA23532D37000AE46C /* ListViewController.swift in Sources */,
				187391CE235C86EA00FE9108 /* Coverable.swift in Sources */,
				1822413E235CBE6A00C13541 /* DetailProtocols.swift in Sources */,
				18224143235CD67200C13541 /* DetailInteractorComposer.swift in Sources */,
				1874EAD52353386E00052101 /* ListInteractor.swift in Sources */,
				187391CB235C661700FE9108 /* ListInteractorComposer.swift in Sources */,
				1874EAD12353311700052101 /* ListRouter.swift in Sources */,
				1873E0032358293600A85C2A /* HistoricalTableViewModel.swift in Sources */,
				1873DFFB2358287200A85C2A /* PricesViewModel.swift in Sources */,
				1822413D235CBE6A00C13541 /* DetailViewController.swift in Sources */,
				1822413F235CBE6A00C13541 /* DetailInteractor.swift in Sources */,
				1873E001235828F100A85C2A /* TodayTableViewModel.swift in Sources */,
				187391D1235C93B900FE9108 /* ErrorPresenter.swift in Sources */,
				1874EAD32353345700052101 /* ListPresenter.swift in Sources */,
				1873DFFF235828DE00A85C2A /* ListSectionType.swift in Sources */,
				1874EACB23532F5900052101 /* ListProtocols.swift in Sources */,
			);
			runOnlyForDeploymentPostprocessing = 0;
		};
		1841067023531A6C000AE46C /* Sources */ = {
			isa = PBXSourcesBuildPhase;
			buildActionMask = 2147483647;
			files = (
				187391D5235C9AAA00FE9108 /* ListPresenterTests.swift in Sources */,
				1813686D235D08C500A5FBC5 /* DetailInteractorTests.swift in Sources */,
				1874EAD9235373EB00052101 /* ListViewControllerTests.swift in Sources */,
				1813686F235D0EA500A5FBC5 /* DetailPresenterTests.swift in Sources */,
				1874EACF235330D200052101 /* ListRouterTests.swift in Sources */,
				1813686B235D081600A5FBC5 /* DetailRouterTests.swift in Sources */,
				1873E00523582B2D00A85C2A /* ListInteractorTests.swift in Sources */,
				1841068623532075000AE46C /* TestingAppDelegate.swift in Sources */,
			);
			runOnlyForDeploymentPostprocessing = 0;
		};
		18731E3D2356BC6E00BB577A /* Sources */ = {
			isa = PBXSourcesBuildPhase;
			buildActionMask = 2147483647;
			files = (
				18731E602356BC9900BB577A /* StringToDate.swift in Sources */,
				18731E622356BCB700BB577A /* DateToString.swift in Sources */,
				187E998A2357896900B57FCC /* TimerProtocol.swift in Sources */,
				187E998C23578FD400B57FCC /* DefaultTimer.swift in Sources */,
				18FB7DD1235B730800E2DA2E /* Result+Error.swift in Sources */,
			);
			runOnlyForDeploymentPostprocessing = 0;
		};
		18731E452356BC6E00BB577A /* Sources */ = {
			isa = PBXSourcesBuildPhase;
			buildActionMask = 2147483647;
			files = (
				18FB7DD3235B733F00E2DA2E /* ResultGetErrorTests.swift in Sources */,
				187E998F235790A700B57FCC /* DefaultTimerTests.swift in Sources */,
				18731E672356BD1500BB577A /* DateToStringTests.swift in Sources */,
				18731E652356BCF700BB577A /* StringToDateTests.swift in Sources */,
			);
			runOnlyForDeploymentPostprocessing = 0;
		};
		187321E3235CAA2E00F22EB7 /* Sources */ = {
			isa = PBXSourcesBuildPhase;
			buildActionMask = 2147483647;
			files = (
				18326296235D01B100CBB9CC /* Currency.swift in Sources */,
				18326292235D01B100CBB9CC /* TodayDataProvider.swift in Sources */,
				18326286235D01B100CBB9CC /* TodayResponseModel.swift in Sources */,
				18326294235D01B100CBB9CC /* ValuationSorter.swift in Sources */,
				1832628F235D01B100CBB9CC /* TodayResponseMapperProtocol.swift in Sources */,
				18326293235D01B100CBB9CC /* ValuationSorterProtocol.swift in Sources */,
				18326289235D01B100CBB9CC /* DefaultHistoricalDataRepository.swift in Sources */,
				18326290235D01B100CBB9CC /* TodayDataRepository.swift in Sources */,
				1832628E235D01B100CBB9CC /* DefaultTodayResponseMapper.swift in Sources */,
				18326291235D01B100CBB9CC /* TodayProviderProtocol.swift in Sources */,
				18326288235D01B100CBB9CC /* HistoricalResponseMapperProtocol.swift in Sources */,
				1832628A235D01B100CBB9CC /* HistoricalDataRepository.swift in Sources */,
				1832628C235D01B100CBB9CC /* HistoricalProviderProtocol.swift in Sources */,
				1832628B235D01B100CBB9CC /* HistoricalDataProvider.swift in Sources */,
				18326285235D01B100CBB9CC /* HistoricalResponseModel.swift in Sources */,
				18326297235D01B100CBB9CC /* Valuation.swift in Sources */,
				18326298235D01B100CBB9CC /* BitCoinDeskAPI.swift in Sources */,
				18326295235D01B100CBB9CC /* N26BCError.swift in Sources */,
				18326287235D01B100CBB9CC /* DefaultHistoricalResponseMapper.swift in Sources */,
				1832628D235D01B100CBB9CC /* DefaultTodayDataRepository.swift in Sources */,
			);
			runOnlyForDeploymentPostprocessing = 0;
		};
		187321EB235CAA2E00F22EB7 /* Sources */ = {
			isa = PBXSourcesBuildPhase;
			buildActionMask = 2147483647;
			files = (
				18326262235D015C00CBB9CC /* HistoricalProvider.swift in Sources */,
				1832625F235D015C00CBB9CC /* TestingURLSessionClient.swift in Sources */,
				18326265235D015C00CBB9CC /* TodayProviderTests.swift in Sources */,
				1832625E235D015C00CBB9CC /* BitCoinDeskAPITests.swift in Sources */,
				18326264235D015C00CBB9CC /* DefaultTodayDataRepositoryTests.swift in Sources */,
				18326261235D015C00CBB9CC /* DefaultHistoricalDataRepositoryTests.swift in Sources */,
				18326263235D015C00CBB9CC /* DefaultTodayResponseMapperTests.swift in Sources */,
				18326260235D015C00CBB9CC /* DefaultHistoricalResponseMapperTests.swift in Sources */,
			);
			runOnlyForDeploymentPostprocessing = 0;
		};
		1874EAE023538F9E00052101 /* Sources */ = {
			isa = PBXSourcesBuildPhase;
			buildActionMask = 2147483647;
			files = (
				1874EB03235390AE00052101 /* URLSession.swift in Sources */,
				18740AAE2354E60600A27C5D /* URLSessionProtocol.swift in Sources */,
				1874EB0D2353996F00052101 /* URLSessionClientProtocol.swift in Sources */,
				1874EB082353944E00052101 /* NetworkingError.swift in Sources */,
				1874EB0A2353947900052101 /* URLSessionClient.swift in Sources */,
			);
			runOnlyForDeploymentPostprocessing = 0;
		};
		1874EAE823538F9F00052101 /* Sources */ = {
			isa = PBXSourcesBuildPhase;
			buildActionMask = 2147483647;
			files = (
				18740AAA2354DF9C00A27C5D /* URLSessionTests.swift in Sources */,
				18740AAC2354E5D800A27C5D /* URLSessioClientTests.swift in Sources */,
			);
			runOnlyForDeploymentPostprocessing = 0;
		};
/* End PBXSourcesBuildPhase section */

/* Begin PBXTargetDependency section */
		1841067623531A6C000AE46C /* PBXTargetDependency */ = {
			isa = PBXTargetDependency;
			target = 1841065D23531A6A000AE46C /* N26BC */;
			targetProxy = 1841067523531A6C000AE46C /* PBXContainerItemProxy */;
		};
		18731E4C2356BC6E00BB577A /* PBXTargetDependency */ = {
			isa = PBXTargetDependency;
			target = 18731E402356BC6E00BB577A /* Commons */;
			targetProxy = 18731E4B2356BC6E00BB577A /* PBXContainerItemProxy */;
		};
		18731E4E2356BC6E00BB577A /* PBXTargetDependency */ = {
			isa = PBXTargetDependency;
			target = 1841065D23531A6A000AE46C /* N26BC */;
			targetProxy = 18731E4D2356BC6E00BB577A /* PBXContainerItemProxy */;
		};
		18731E552356BC6E00BB577A /* PBXTargetDependency */ = {
			isa = PBXTargetDependency;
			target = 18731E402356BC6E00BB577A /* Commons */;
			targetProxy = 18731E542356BC6E00BB577A /* PBXContainerItemProxy */;
		};
		187321F2235CAA2E00F22EB7 /* PBXTargetDependency */ = {
			isa = PBXTargetDependency;
			target = 187321E6235CAA2E00F22EB7 /* Valuation */;
			targetProxy = 187321F1235CAA2E00F22EB7 /* PBXContainerItemProxy */;
		};
		187321F4235CAA2E00F22EB7 /* PBXTargetDependency */ = {
			isa = PBXTargetDependency;
			target = 1841065D23531A6A000AE46C /* N26BC */;
			targetProxy = 187321F3235CAA2E00F22EB7 /* PBXContainerItemProxy */;
		};
		187321FB235CAA2E00F22EB7 /* PBXTargetDependency */ = {
			isa = PBXTargetDependency;
			target = 187321E6235CAA2E00F22EB7 /* Valuation */;
			targetProxy = 187321FA235CAA2E00F22EB7 /* PBXContainerItemProxy */;
		};
		1874EAEF23538F9F00052101 /* PBXTargetDependency */ = {
			isa = PBXTargetDependency;
			target = 1874EAE323538F9E00052101 /* Networking */;
			targetProxy = 1874EAEE23538F9F00052101 /* PBXContainerItemProxy */;
		};
		1874EAF123538F9F00052101 /* PBXTargetDependency */ = {
			isa = PBXTargetDependency;
			target = 1841065D23531A6A000AE46C /* N26BC */;
			targetProxy = 1874EAF023538F9F00052101 /* PBXContainerItemProxy */;
		};
		1874EAF823538F9F00052101 /* PBXTargetDependency */ = {
			isa = PBXTargetDependency;
			target = 1874EAE323538F9E00052101 /* Networking */;
			targetProxy = 1874EAF723538F9F00052101 /* PBXContainerItemProxy */;
		};
/* End PBXTargetDependency section */

/* Begin PBXVariantGroup section */
		1841066C23531A6C000AE46C /* LaunchScreen.storyboard */ = {
			isa = PBXVariantGroup;
			children = (
				1841066D23531A6C000AE46C /* Base */,
			);
			name = LaunchScreen.storyboard;
			sourceTree = "<group>";
		};
/* End PBXVariantGroup section */

/* Begin XCBuildConfiguration section */
		1841067B23531A6C000AE46C /* Debug */ = {
			isa = XCBuildConfiguration;
			buildSettings = {
				ALWAYS_SEARCH_USER_PATHS = NO;
				CLANG_ANALYZER_NONNULL = YES;
				CLANG_ANALYZER_NUMBER_OBJECT_CONVERSION = YES_AGGRESSIVE;
				CLANG_CXX_LANGUAGE_STANDARD = "gnu++14";
				CLANG_CXX_LIBRARY = "libc++";
				CLANG_ENABLE_MODULES = YES;
				CLANG_ENABLE_OBJC_ARC = YES;
				CLANG_ENABLE_OBJC_WEAK = YES;
				CLANG_WARN_BLOCK_CAPTURE_AUTORELEASING = YES;
				CLANG_WARN_BOOL_CONVERSION = YES;
				CLANG_WARN_COMMA = YES;
				CLANG_WARN_CONSTANT_CONVERSION = YES;
				CLANG_WARN_DEPRECATED_OBJC_IMPLEMENTATIONS = YES;
				CLANG_WARN_DIRECT_OBJC_ISA_USAGE = YES_ERROR;
				CLANG_WARN_DOCUMENTATION_COMMENTS = YES;
				CLANG_WARN_EMPTY_BODY = YES;
				CLANG_WARN_ENUM_CONVERSION = YES;
				CLANG_WARN_INFINITE_RECURSION = YES;
				CLANG_WARN_INT_CONVERSION = YES;
				CLANG_WARN_NON_LITERAL_NULL_CONVERSION = YES;
				CLANG_WARN_OBJC_IMPLICIT_RETAIN_SELF = YES;
				CLANG_WARN_OBJC_LITERAL_CONVERSION = YES;
				CLANG_WARN_OBJC_ROOT_CLASS = YES_ERROR;
				CLANG_WARN_RANGE_LOOP_ANALYSIS = YES;
				CLANG_WARN_STRICT_PROTOTYPES = YES;
				CLANG_WARN_SUSPICIOUS_MOVE = YES;
				CLANG_WARN_UNGUARDED_AVAILABILITY = YES_AGGRESSIVE;
				CLANG_WARN_UNREACHABLE_CODE = YES;
				CLANG_WARN__DUPLICATE_METHOD_MATCH = YES;
				COPY_PHASE_STRIP = NO;
				DEBUG_INFORMATION_FORMAT = dwarf;
				ENABLE_STRICT_OBJC_MSGSEND = YES;
				ENABLE_TESTABILITY = YES;
				GCC_C_LANGUAGE_STANDARD = gnu11;
				GCC_DYNAMIC_NO_PIC = NO;
				GCC_NO_COMMON_BLOCKS = YES;
				GCC_OPTIMIZATION_LEVEL = 0;
				GCC_PREPROCESSOR_DEFINITIONS = (
					"DEBUG=1",
					"$(inherited)",
				);
				GCC_WARN_64_TO_32_BIT_CONVERSION = YES;
				GCC_WARN_ABOUT_RETURN_TYPE = YES_ERROR;
				GCC_WARN_UNDECLARED_SELECTOR = YES;
				GCC_WARN_UNINITIALIZED_AUTOS = YES_AGGRESSIVE;
				GCC_WARN_UNUSED_FUNCTION = YES;
				GCC_WARN_UNUSED_VARIABLE = YES;
				IPHONEOS_DEPLOYMENT_TARGET = 11.0;
				MTL_ENABLE_DEBUG_INFO = INCLUDE_SOURCE;
				MTL_FAST_MATH = YES;
				ONLY_ACTIVE_ARCH = YES;
				SDKROOT = iphoneos;
				SWIFT_ACTIVE_COMPILATION_CONDITIONS = DEBUG;
				SWIFT_OPTIMIZATION_LEVEL = "-Onone";
			};
			name = Debug;
		};
		1841067C23531A6C000AE46C /* Release */ = {
			isa = XCBuildConfiguration;
			buildSettings = {
				ALWAYS_SEARCH_USER_PATHS = NO;
				CLANG_ANALYZER_NONNULL = YES;
				CLANG_ANALYZER_NUMBER_OBJECT_CONVERSION = YES_AGGRESSIVE;
				CLANG_CXX_LANGUAGE_STANDARD = "gnu++14";
				CLANG_CXX_LIBRARY = "libc++";
				CLANG_ENABLE_MODULES = YES;
				CLANG_ENABLE_OBJC_ARC = YES;
				CLANG_ENABLE_OBJC_WEAK = YES;
				CLANG_WARN_BLOCK_CAPTURE_AUTORELEASING = YES;
				CLANG_WARN_BOOL_CONVERSION = YES;
				CLANG_WARN_COMMA = YES;
				CLANG_WARN_CONSTANT_CONVERSION = YES;
				CLANG_WARN_DEPRECATED_OBJC_IMPLEMENTATIONS = YES;
				CLANG_WARN_DIRECT_OBJC_ISA_USAGE = YES_ERROR;
				CLANG_WARN_DOCUMENTATION_COMMENTS = YES;
				CLANG_WARN_EMPTY_BODY = YES;
				CLANG_WARN_ENUM_CONVERSION = YES;
				CLANG_WARN_INFINITE_RECURSION = YES;
				CLANG_WARN_INT_CONVERSION = YES;
				CLANG_WARN_NON_LITERAL_NULL_CONVERSION = YES;
				CLANG_WARN_OBJC_IMPLICIT_RETAIN_SELF = YES;
				CLANG_WARN_OBJC_LITERAL_CONVERSION = YES;
				CLANG_WARN_OBJC_ROOT_CLASS = YES_ERROR;
				CLANG_WARN_RANGE_LOOP_ANALYSIS = YES;
				CLANG_WARN_STRICT_PROTOTYPES = YES;
				CLANG_WARN_SUSPICIOUS_MOVE = YES;
				CLANG_WARN_UNGUARDED_AVAILABILITY = YES_AGGRESSIVE;
				CLANG_WARN_UNREACHABLE_CODE = YES;
				CLANG_WARN__DUPLICATE_METHOD_MATCH = YES;
				COPY_PHASE_STRIP = NO;
				DEBUG_INFORMATION_FORMAT = "dwarf-with-dsym";
				ENABLE_NS_ASSERTIONS = NO;
				ENABLE_STRICT_OBJC_MSGSEND = YES;
				GCC_C_LANGUAGE_STANDARD = gnu11;
				GCC_NO_COMMON_BLOCKS = YES;
				GCC_WARN_64_TO_32_BIT_CONVERSION = YES;
				GCC_WARN_ABOUT_RETURN_TYPE = YES_ERROR;
				GCC_WARN_UNDECLARED_SELECTOR = YES;
				GCC_WARN_UNINITIALIZED_AUTOS = YES_AGGRESSIVE;
				GCC_WARN_UNUSED_FUNCTION = YES;
				GCC_WARN_UNUSED_VARIABLE = YES;
				IPHONEOS_DEPLOYMENT_TARGET = 11.0;
				MTL_ENABLE_DEBUG_INFO = NO;
				MTL_FAST_MATH = YES;
				SDKROOT = iphoneos;
				SWIFT_COMPILATION_MODE = wholemodule;
				SWIFT_OPTIMIZATION_LEVEL = "-O";
				VALIDATE_PRODUCT = YES;
			};
			name = Release;
		};
		1841067E23531A6C000AE46C /* Debug */ = {
			isa = XCBuildConfiguration;
			buildSettings = {
				ALWAYS_EMBED_SWIFT_STANDARD_LIBRARIES = YES;
				ASSETCATALOG_COMPILER_APPICON_NAME = AppIcon;
				CODE_SIGN_STYLE = Automatic;
				DEVELOPMENT_TEAM = TXH9ALPT83;
				INFOPLIST_FILE = N26BC/Info.plist;
				LD_RUNPATH_SEARCH_PATHS = (
					"$(inherited)",
					"@executable_path/Frameworks",
				);
				PRODUCT_BUNDLE_IDENTIFIER = aaronmhr.N26BC;
				PRODUCT_NAME = "$(TARGET_NAME)";
				SWIFT_VERSION = 5.0;
				TARGETED_DEVICE_FAMILY = "1,2";
			};
			name = Debug;
		};
		1841067F23531A6C000AE46C /* Release */ = {
			isa = XCBuildConfiguration;
			buildSettings = {
				ALWAYS_EMBED_SWIFT_STANDARD_LIBRARIES = YES;
				ASSETCATALOG_COMPILER_APPICON_NAME = AppIcon;
				CODE_SIGN_STYLE = Automatic;
				DEVELOPMENT_TEAM = TXH9ALPT83;
				INFOPLIST_FILE = N26BC/Info.plist;
				LD_RUNPATH_SEARCH_PATHS = (
					"$(inherited)",
					"@executable_path/Frameworks",
				);
				PRODUCT_BUNDLE_IDENTIFIER = aaronmhr.N26BC;
				PRODUCT_NAME = "$(TARGET_NAME)";
				SWIFT_VERSION = 5.0;
				TARGETED_DEVICE_FAMILY = "1,2";
			};
			name = Release;
		};
		1841068123531A6C000AE46C /* Debug */ = {
			isa = XCBuildConfiguration;
			buildSettings = {
				ALWAYS_EMBED_SWIFT_STANDARD_LIBRARIES = YES;
				BUNDLE_LOADER = "$(TEST_HOST)";
				CODE_SIGN_STYLE = Automatic;
				DEVELOPMENT_TEAM = TXH9ALPT83;
				INFOPLIST_FILE = N26BCTests/Info.plist;
				IPHONEOS_DEPLOYMENT_TARGET = 11.0;
				LD_RUNPATH_SEARCH_PATHS = (
					"$(inherited)",
					"@executable_path/Frameworks",
					"@loader_path/Frameworks",
				);
				PRODUCT_BUNDLE_IDENTIFIER = aaronmhr.N26BCTests;
				PRODUCT_NAME = "$(TARGET_NAME)";
				SWIFT_VERSION = 5.0;
				TARGETED_DEVICE_FAMILY = "1,2";
				TEST_HOST = "$(BUILT_PRODUCTS_DIR)/N26BC.app/N26BC";
			};
			name = Debug;
		};
		1841068223531A6C000AE46C /* Release */ = {
			isa = XCBuildConfiguration;
			buildSettings = {
				ALWAYS_EMBED_SWIFT_STANDARD_LIBRARIES = YES;
				BUNDLE_LOADER = "$(TEST_HOST)";
				CODE_SIGN_STYLE = Automatic;
				DEVELOPMENT_TEAM = TXH9ALPT83;
				INFOPLIST_FILE = N26BCTests/Info.plist;
				IPHONEOS_DEPLOYMENT_TARGET = 11.0;
				LD_RUNPATH_SEARCH_PATHS = (
					"$(inherited)",
					"@executable_path/Frameworks",
					"@loader_path/Frameworks",
				);
				PRODUCT_BUNDLE_IDENTIFIER = aaronmhr.N26BCTests;
				PRODUCT_NAME = "$(TARGET_NAME)";
				SWIFT_VERSION = 5.0;
				TARGETED_DEVICE_FAMILY = "1,2";
				TEST_HOST = "$(BUILT_PRODUCTS_DIR)/N26BC.app/N26BC";
			};
			name = Release;
		};
		18731E582356BC6E00BB577A /* Debug */ = {
			isa = XCBuildConfiguration;
			buildSettings = {
				CLANG_ENABLE_MODULES = YES;
				CODE_SIGN_STYLE = Automatic;
				CURRENT_PROJECT_VERSION = 1;
				DEFINES_MODULE = YES;
				DEVELOPMENT_TEAM = TXH9ALPT83;
				DYLIB_COMPATIBILITY_VERSION = 1;
				DYLIB_CURRENT_VERSION = 1;
				DYLIB_INSTALL_NAME_BASE = "@rpath";
				INFOPLIST_FILE = Commons/Info.plist;
				INSTALL_PATH = "$(LOCAL_LIBRARY_DIR)/Frameworks";
				IPHONEOS_DEPLOYMENT_TARGET = 11.0;
				LD_RUNPATH_SEARCH_PATHS = (
					"$(inherited)",
					"@executable_path/Frameworks",
					"@loader_path/Frameworks",
				);
				PRODUCT_BUNDLE_IDENTIFIER = aaronmhr.Commons;
				PRODUCT_NAME = "$(TARGET_NAME:c99extidentifier)";
				SKIP_INSTALL = YES;
				SWIFT_OPTIMIZATION_LEVEL = "-Onone";
				SWIFT_VERSION = 5.0;
				TARGETED_DEVICE_FAMILY = "1,2";
				VERSIONING_SYSTEM = "apple-generic";
				VERSION_INFO_PREFIX = "";
			};
			name = Debug;
		};
		18731E592356BC6E00BB577A /* Release */ = {
			isa = XCBuildConfiguration;
			buildSettings = {
				CLANG_ENABLE_MODULES = YES;
				CODE_SIGN_STYLE = Automatic;
				CURRENT_PROJECT_VERSION = 1;
				DEFINES_MODULE = YES;
				DEVELOPMENT_TEAM = TXH9ALPT83;
				DYLIB_COMPATIBILITY_VERSION = 1;
				DYLIB_CURRENT_VERSION = 1;
				DYLIB_INSTALL_NAME_BASE = "@rpath";
				INFOPLIST_FILE = Commons/Info.plist;
				INSTALL_PATH = "$(LOCAL_LIBRARY_DIR)/Frameworks";
				IPHONEOS_DEPLOYMENT_TARGET = 11.0;
				LD_RUNPATH_SEARCH_PATHS = (
					"$(inherited)",
					"@executable_path/Frameworks",
					"@loader_path/Frameworks",
				);
				PRODUCT_BUNDLE_IDENTIFIER = aaronmhr.Commons;
				PRODUCT_NAME = "$(TARGET_NAME:c99extidentifier)";
				SKIP_INSTALL = YES;
				SWIFT_VERSION = 5.0;
				TARGETED_DEVICE_FAMILY = "1,2";
				VERSIONING_SYSTEM = "apple-generic";
				VERSION_INFO_PREFIX = "";
			};
			name = Release;
		};
		18731E5A2356BC6E00BB577A /* Debug */ = {
			isa = XCBuildConfiguration;
			buildSettings = {
				ALWAYS_EMBED_SWIFT_STANDARD_LIBRARIES = YES;
				CODE_SIGN_STYLE = Automatic;
				DEVELOPMENT_TEAM = TXH9ALPT83;
				INFOPLIST_FILE = CommonsTests/Info.plist;
				IPHONEOS_DEPLOYMENT_TARGET = 11.0;
				LD_RUNPATH_SEARCH_PATHS = (
					"$(inherited)",
					"@executable_path/Frameworks",
					"@loader_path/Frameworks",
				);
				PRODUCT_BUNDLE_IDENTIFIER = aaronmhr.CommonsTests;
				PRODUCT_NAME = "$(TARGET_NAME)";
				SWIFT_VERSION = 5.0;
				TARGETED_DEVICE_FAMILY = "1,2";
				TEST_HOST = "$(BUILT_PRODUCTS_DIR)/N26BC.app/N26BC";
			};
			name = Debug;
		};
		18731E5B2356BC6E00BB577A /* Release */ = {
			isa = XCBuildConfiguration;
			buildSettings = {
				ALWAYS_EMBED_SWIFT_STANDARD_LIBRARIES = YES;
				CODE_SIGN_STYLE = Automatic;
				DEVELOPMENT_TEAM = TXH9ALPT83;
				INFOPLIST_FILE = CommonsTests/Info.plist;
				IPHONEOS_DEPLOYMENT_TARGET = 11.0;
				LD_RUNPATH_SEARCH_PATHS = (
					"$(inherited)",
					"@executable_path/Frameworks",
					"@loader_path/Frameworks",
				);
				PRODUCT_BUNDLE_IDENTIFIER = aaronmhr.CommonsTests;
				PRODUCT_NAME = "$(TARGET_NAME)";
				SWIFT_VERSION = 5.0;
				TARGETED_DEVICE_FAMILY = "1,2";
				TEST_HOST = "$(BUILT_PRODUCTS_DIR)/N26BC.app/N26BC";
			};
			name = Release;
		};
		187321FE235CAA2E00F22EB7 /* Debug */ = {
			isa = XCBuildConfiguration;
			buildSettings = {
				CODE_SIGN_STYLE = Automatic;
				CURRENT_PROJECT_VERSION = 1;
				DEFINES_MODULE = YES;
				DEVELOPMENT_TEAM = TXH9ALPT83;
				DYLIB_COMPATIBILITY_VERSION = 1;
				DYLIB_CURRENT_VERSION = 1;
				DYLIB_INSTALL_NAME_BASE = "@rpath";
				INFOPLIST_FILE = Valuation/Info.plist;
				INSTALL_PATH = "$(LOCAL_LIBRARY_DIR)/Frameworks";
				IPHONEOS_DEPLOYMENT_TARGET = 11.0;
				LD_RUNPATH_SEARCH_PATHS = (
					"$(inherited)",
					"@executable_path/Frameworks",
					"@loader_path/Frameworks",
				);
				PRODUCT_BUNDLE_IDENTIFIER = aaronmhr.Valuation;
				PRODUCT_NAME = "$(TARGET_NAME:c99extidentifier)";
				SKIP_INSTALL = YES;
				SWIFT_VERSION = 5.0;
				TARGETED_DEVICE_FAMILY = "1,2";
				VERSIONING_SYSTEM = "apple-generic";
				VERSION_INFO_PREFIX = "";
			};
			name = Debug;
		};
		187321FF235CAA2E00F22EB7 /* Release */ = {
			isa = XCBuildConfiguration;
			buildSettings = {
				CODE_SIGN_STYLE = Automatic;
				CURRENT_PROJECT_VERSION = 1;
				DEFINES_MODULE = YES;
				DEVELOPMENT_TEAM = TXH9ALPT83;
				DYLIB_COMPATIBILITY_VERSION = 1;
				DYLIB_CURRENT_VERSION = 1;
				DYLIB_INSTALL_NAME_BASE = "@rpath";
				INFOPLIST_FILE = Valuation/Info.plist;
				INSTALL_PATH = "$(LOCAL_LIBRARY_DIR)/Frameworks";
				IPHONEOS_DEPLOYMENT_TARGET = 11.0;
				LD_RUNPATH_SEARCH_PATHS = (
					"$(inherited)",
					"@executable_path/Frameworks",
					"@loader_path/Frameworks",
				);
				PRODUCT_BUNDLE_IDENTIFIER = aaronmhr.Valuation;
				PRODUCT_NAME = "$(TARGET_NAME:c99extidentifier)";
				SKIP_INSTALL = YES;
				SWIFT_VERSION = 5.0;
				TARGETED_DEVICE_FAMILY = "1,2";
				VERSIONING_SYSTEM = "apple-generic";
				VERSION_INFO_PREFIX = "";
			};
			name = Release;
		};
		18732200235CAA2E00F22EB7 /* Debug */ = {
			isa = XCBuildConfiguration;
			buildSettings = {
				ALWAYS_EMBED_SWIFT_STANDARD_LIBRARIES = YES;
				CODE_SIGN_STYLE = Automatic;
				DEVELOPMENT_TEAM = TXH9ALPT83;
				INFOPLIST_FILE = ValuationTests/Info.plist;
				IPHONEOS_DEPLOYMENT_TARGET = 11.0;
				LD_RUNPATH_SEARCH_PATHS = (
					"$(inherited)",
					"@executable_path/Frameworks",
					"@loader_path/Frameworks",
				);
				PRODUCT_BUNDLE_IDENTIFIER = aaronmhr.ValuationTests;
				PRODUCT_NAME = "$(TARGET_NAME)";
				SWIFT_VERSION = 5.0;
				TARGETED_DEVICE_FAMILY = "1,2";
				TEST_HOST = "$(BUILT_PRODUCTS_DIR)/N26BC.app/N26BC";
			};
			name = Debug;
		};
		18732201235CAA2E00F22EB7 /* Release */ = {
			isa = XCBuildConfiguration;
			buildSettings = {
				ALWAYS_EMBED_SWIFT_STANDARD_LIBRARIES = YES;
				CODE_SIGN_STYLE = Automatic;
				DEVELOPMENT_TEAM = TXH9ALPT83;
				INFOPLIST_FILE = ValuationTests/Info.plist;
				IPHONEOS_DEPLOYMENT_TARGET = 11.0;
				LD_RUNPATH_SEARCH_PATHS = (
					"$(inherited)",
					"@executable_path/Frameworks",
					"@loader_path/Frameworks",
				);
				PRODUCT_BUNDLE_IDENTIFIER = aaronmhr.ValuationTests;
				PRODUCT_NAME = "$(TARGET_NAME)";
				SWIFT_VERSION = 5.0;
				TARGETED_DEVICE_FAMILY = "1,2";
				TEST_HOST = "$(BUILT_PRODUCTS_DIR)/N26BC.app/N26BC";
			};
			name = Release;
		};
		1874EAFC23538F9F00052101 /* Debug */ = {
			isa = XCBuildConfiguration;
			buildSettings = {
				CLANG_ENABLE_MODULES = YES;
				CODE_SIGN_STYLE = Automatic;
				CURRENT_PROJECT_VERSION = 1;
				DEFINES_MODULE = YES;
				DEVELOPMENT_TEAM = TXH9ALPT83;
				DYLIB_COMPATIBILITY_VERSION = 1;
				DYLIB_CURRENT_VERSION = 1;
				DYLIB_INSTALL_NAME_BASE = "@rpath";
				INFOPLIST_FILE = Networking/Info.plist;
				INSTALL_PATH = "$(LOCAL_LIBRARY_DIR)/Frameworks";
				IPHONEOS_DEPLOYMENT_TARGET = 11.0;
				LD_RUNPATH_SEARCH_PATHS = (
					"$(inherited)",
					"@executable_path/Frameworks",
					"@loader_path/Frameworks",
				);
				PRODUCT_BUNDLE_IDENTIFIER = aaronmhr.Networking;
				PRODUCT_NAME = "$(TARGET_NAME:c99extidentifier)";
				SKIP_INSTALL = YES;
				SWIFT_OPTIMIZATION_LEVEL = "-Onone";
				SWIFT_VERSION = 5.0;
				TARGETED_DEVICE_FAMILY = "1,2";
				VERSIONING_SYSTEM = "apple-generic";
				VERSION_INFO_PREFIX = "";
			};
			name = Debug;
		};
		1874EAFD23538F9F00052101 /* Release */ = {
			isa = XCBuildConfiguration;
			buildSettings = {
				CLANG_ENABLE_MODULES = YES;
				CODE_SIGN_STYLE = Automatic;
				CURRENT_PROJECT_VERSION = 1;
				DEFINES_MODULE = YES;
				DEVELOPMENT_TEAM = TXH9ALPT83;
				DYLIB_COMPATIBILITY_VERSION = 1;
				DYLIB_CURRENT_VERSION = 1;
				DYLIB_INSTALL_NAME_BASE = "@rpath";
				INFOPLIST_FILE = Networking/Info.plist;
				INSTALL_PATH = "$(LOCAL_LIBRARY_DIR)/Frameworks";
				IPHONEOS_DEPLOYMENT_TARGET = 11.0;
				LD_RUNPATH_SEARCH_PATHS = (
					"$(inherited)",
					"@executable_path/Frameworks",
					"@loader_path/Frameworks",
				);
				PRODUCT_BUNDLE_IDENTIFIER = aaronmhr.Networking;
				PRODUCT_NAME = "$(TARGET_NAME:c99extidentifier)";
				SKIP_INSTALL = YES;
				SWIFT_VERSION = 5.0;
				TARGETED_DEVICE_FAMILY = "1,2";
				VERSIONING_SYSTEM = "apple-generic";
				VERSION_INFO_PREFIX = "";
			};
			name = Release;
		};
		1874EB0023538F9F00052101 /* Debug */ = {
			isa = XCBuildConfiguration;
			buildSettings = {
				ALWAYS_EMBED_SWIFT_STANDARD_LIBRARIES = YES;
				CODE_SIGN_STYLE = Automatic;
				DEVELOPMENT_TEAM = TXH9ALPT83;
				INFOPLIST_FILE = NetworkingTests/Info.plist;
				IPHONEOS_DEPLOYMENT_TARGET = 11.0;
				LD_RUNPATH_SEARCH_PATHS = (
					"$(inherited)",
					"@executable_path/Frameworks",
					"@loader_path/Frameworks",
				);
				PRODUCT_BUNDLE_IDENTIFIER = aaronmhr.NetworkingTests;
				PRODUCT_NAME = "$(TARGET_NAME)";
				SWIFT_VERSION = 5.0;
				TARGETED_DEVICE_FAMILY = "1,2";
				TEST_HOST = "$(BUILT_PRODUCTS_DIR)/N26BC.app/N26BC";
			};
			name = Debug;
		};
		1874EB0123538F9F00052101 /* Release */ = {
			isa = XCBuildConfiguration;
			buildSettings = {
				ALWAYS_EMBED_SWIFT_STANDARD_LIBRARIES = YES;
				CODE_SIGN_STYLE = Automatic;
				DEVELOPMENT_TEAM = TXH9ALPT83;
				INFOPLIST_FILE = NetworkingTests/Info.plist;
				IPHONEOS_DEPLOYMENT_TARGET = 11.0;
				LD_RUNPATH_SEARCH_PATHS = (
					"$(inherited)",
					"@executable_path/Frameworks",
					"@loader_path/Frameworks",
				);
				PRODUCT_BUNDLE_IDENTIFIER = aaronmhr.NetworkingTests;
				PRODUCT_NAME = "$(TARGET_NAME)";
				SWIFT_VERSION = 5.0;
				TARGETED_DEVICE_FAMILY = "1,2";
				TEST_HOST = "$(BUILT_PRODUCTS_DIR)/N26BC.app/N26BC";
			};
			name = Release;
		};
/* End XCBuildConfiguration section */

/* Begin XCConfigurationList section */
		1841065923531A6A000AE46C /* Build configuration list for PBXProject "N26BC" */ = {
			isa = XCConfigurationList;
			buildConfigurations = (
				1841067B23531A6C000AE46C /* Debug */,
				1841067C23531A6C000AE46C /* Release */,
			);
			defaultConfigurationIsVisible = 0;
			defaultConfigurationName = Release;
		};
		1841067D23531A6C000AE46C /* Build configuration list for PBXNativeTarget "N26BC" */ = {
			isa = XCConfigurationList;
			buildConfigurations = (
				1841067E23531A6C000AE46C /* Debug */,
				1841067F23531A6C000AE46C /* Release */,
			);
			defaultConfigurationIsVisible = 0;
			defaultConfigurationName = Release;
		};
		1841068023531A6C000AE46C /* Build configuration list for PBXNativeTarget "N26BCTests" */ = {
			isa = XCConfigurationList;
			buildConfigurations = (
				1841068123531A6C000AE46C /* Debug */,
				1841068223531A6C000AE46C /* Release */,
			);
			defaultConfigurationIsVisible = 0;
			defaultConfigurationName = Release;
		};
		18731E5C2356BC6E00BB577A /* Build configuration list for PBXNativeTarget "Commons" */ = {
			isa = XCConfigurationList;
			buildConfigurations = (
				18731E582356BC6E00BB577A /* Debug */,
				18731E592356BC6E00BB577A /* Release */,
			);
			defaultConfigurationIsVisible = 0;
			defaultConfigurationName = Release;
		};
		18731E5D2356BC6E00BB577A /* Build configuration list for PBXNativeTarget "CommonsTests" */ = {
			isa = XCConfigurationList;
			buildConfigurations = (
				18731E5A2356BC6E00BB577A /* Debug */,
				18731E5B2356BC6E00BB577A /* Release */,
			);
			defaultConfigurationIsVisible = 0;
			defaultConfigurationName = Release;
		};
		18732202235CAA2E00F22EB7 /* Build configuration list for PBXNativeTarget "Valuation" */ = {
			isa = XCConfigurationList;
			buildConfigurations = (
				187321FE235CAA2E00F22EB7 /* Debug */,
				187321FF235CAA2E00F22EB7 /* Release */,
			);
			defaultConfigurationIsVisible = 0;
			defaultConfigurationName = Release;
		};
		18732203235CAA2E00F22EB7 /* Build configuration list for PBXNativeTarget "ValuationTests" */ = {
			isa = XCConfigurationList;
			buildConfigurations = (
				18732200235CAA2E00F22EB7 /* Debug */,
				18732201235CAA2E00F22EB7 /* Release */,
			);
			defaultConfigurationIsVisible = 0;
			defaultConfigurationName = Release;
		};
		1874EAFB23538F9F00052101 /* Build configuration list for PBXNativeTarget "Networking" */ = {
			isa = XCConfigurationList;
			buildConfigurations = (
				1874EAFC23538F9F00052101 /* Debug */,
				1874EAFD23538F9F00052101 /* Release */,
			);
			defaultConfigurationIsVisible = 0;
			defaultConfigurationName = Release;
		};
		1874EAFF23538F9F00052101 /* Build configuration list for PBXNativeTarget "NetworkingTests" */ = {
			isa = XCConfigurationList;
			buildConfigurations = (
				1874EB0023538F9F00052101 /* Debug */,
				1874EB0123538F9F00052101 /* Release */,
			);
			defaultConfigurationIsVisible = 0;
			defaultConfigurationName = Release;
		};
/* End XCConfigurationList section */
	};
	rootObject = 1841065623531A6A000AE46C /* Project object */;
}
